// !$*UTF8*$!
{
	archiveVersion = 1;
	classes = {
	};
	objectVersion = 56;
	objects = {

/* Begin PBXBuildFile section */
		660C531C2BC2E23E00E0B910 /* thumbnail@2x.png in Resources */ = {isa = PBXBuildFile; fileRef = 660C531A2BC2E23E00E0B910 /* thumbnail@2x.png */; };
		660C531D2BC2E23E00E0B910 /* thumbnail@2x.png in Resources */ = {isa = PBXBuildFile; fileRef = 660C531A2BC2E23E00E0B910 /* thumbnail@2x.png */; };
		660C531E2BC2E23E00E0B910 /* thumbnail.png in Resources */ = {isa = PBXBuildFile; fileRef = 660C531B2BC2E23E00E0B910 /* thumbnail.png */; };
		660C531F2BC2E23E00E0B910 /* thumbnail.png in Resources */ = {isa = PBXBuildFile; fileRef = 660C531B2BC2E23E00E0B910 /* thumbnail.png */; };
		664403532BC0CAB60095A0EB /* MainView.swift in Sources */ = {isa = PBXBuildFile; fileRef = 6683311E2A94466100442116 /* MainView.swift */; };
		664C730B2BC2FC2D008AA699 /* ContentView.swift in Sources */ = {isa = PBXBuildFile; fileRef = 66ABE6D02A96D63B007D79DB /* ContentView.swift */; };
		664C730C2BC2FC69008AA699 /* ScreenSaver.framework in Frameworks */ = {isa = PBXBuildFile; fileRef = 66D468502A942ADE0073C731 /* ScreenSaver.framework */; };
		66ABE6D32A96D63F007D79DB /* Assets.xcassets in Resources */ = {isa = PBXBuildFile; fileRef = 66ABE6D22A96D63F007D79DB /* Assets.xcassets */; };
		66ABE6F82A96D6E7007D79DB /* ScreenSaver.framework in Frameworks */ = {isa = PBXBuildFile; fileRef = 66D468502A942ADE0073C731 /* ScreenSaver.framework */; };
		66ABE6F92A96D802007D79DB /* MainView.swift in Sources */ = {isa = PBXBuildFile; fileRef = 6683311E2A94466100442116 /* MainView.swift */; };
		66BD9B492CD1D61E003453CE /* Paint_Walk-1.png in Resources */ = {isa = PBXBuildFile; fileRef = 66BD9B2F2CD1D61E003453CE /* Paint_Walk-1.png */; };
		66BD9B4A2CD1D61E003453CE /* Bat_Walk-1.png in Resources */ = {isa = PBXBuildFile; fileRef = 66BD9AF82CD1D61E003453CE /* Bat_Walk-1.png */; };
		66BD9B4B2CD1D61E003453CE /* Bird_Walk-6.png in Resources */ = {isa = PBXBuildFile; fileRef = 66BD9B032CD1D61E003453CE /* Bird_Walk-6.png */; };
		66BD9B4C2CD1D61E003453CE /* Lip_Walk-1.png in Resources */ = {isa = PBXBuildFile; fileRef = 66BD9B292CD1D61E003453CE /* Lip_Walk-1.png */; };
		66BD9B4D2CD1D61E003453CE /* Bird_Walk-4.png in Resources */ = {isa = PBXBuildFile; fileRef = 66BD9B012CD1D61E003453CE /* Bird_Walk-4.png */; };
		66BD9B4E2CD1D61E003453CE /* Man_Walk-2.png in Resources */ = {isa = PBXBuildFile; fileRef = 66BD9B2D2CD1D61E003453CE /* Man_Walk-2.png */; };
		66BD9B4F2CD1D61E003453CE /* Snake_Walk-1.png in Resources */ = {isa = PBXBuildFile; fileRef = 66BD9B422CD1D61E003453CE /* Snake_Walk-1.png */; };
		66BD9B502CD1D61E003453CE /* Umbrella_Walk-3.png in Resources */ = {isa = PBXBuildFile; fileRef = 66BD9B482CD1D61E003453CE /* Umbrella_Walk-3.png */; };
		66BD9B512CD1D61E003453CE /* Butterfly_Walk-8.png in Resources */ = {isa = PBXBuildFile; fileRef = 66BD9B102CD1D61E003453CE /* Butterfly_Walk-8.png */; };
		66BD9B522CD1D61E003453CE /* Goo_Walk-3.png in Resources */ = {isa = PBXBuildFile; fileRef = 66BD9B1C2CD1D61E003453CE /* Goo_Walk-3.png */; };
		66BD9B532CD1D61E003453CE /* Butterfly_Walk-4.png in Resources */ = {isa = PBXBuildFile; fileRef = 66BD9B0C2CD1D61E003453CE /* Butterfly_Walk-4.png */; };
		66BD9B542CD1D61E003453CE /* Elephant_Walk-1.png in Resources */ = {isa = PBXBuildFile; fileRef = 66BD9B172CD1D61E003453CE /* Elephant_Walk-1.png */; };
		66BD9B552CD1D61E003453CE /* Apple_Walk-2.png in Resources */ = {isa = PBXBuildFile; fileRef = 66BD9AF32CD1D61E003453CE /* Apple_Walk-2.png */; };
		66BD9B562CD1D61E003453CE /* Goo_Walk-2.png in Resources */ = {isa = PBXBuildFile; fileRef = 66BD9B1B2CD1D61E003453CE /* Goo_Walk-2.png */; };
		66BD9B572CD1D61E003453CE /* Snake_Walk-2.png in Resources */ = {isa = PBXBuildFile; fileRef = 66BD9B432CD1D61E003453CE /* Snake_Walk-2.png */; };
		66BD9B582CD1D61E003453CE /* Horse_Walk-2.png in Resources */ = {isa = PBXBuildFile; fileRef = 66BD9B252CD1D61E003453CE /* Horse_Walk-2.png */; };
		66BD9B592CD1D61E003453CE /* Peanut_Walk-2.png in Resources */ = {isa = PBXBuildFile; fileRef = 66BD9B3D2CD1D61E003453CE /* Peanut_Walk-2.png */; };
		66BD9B5A2CD1D61E003453CE /* Bloom_Walk-4.png in Resources */ = {isa = PBXBuildFile; fileRef = 66BD9B082CD1D61E003453CE /* Bloom_Walk-4.png */; };
		66BD9B5B2CD1D61E003453CE /* Bird_Walk-5.png in Resources */ = {isa = PBXBuildFile; fileRef = 66BD9B022CD1D61E003453CE /* Bird_Walk-5.png */; };
		66BD9B5C2CD1D61E003453CE /* Can_Walk-1.png in Resources */ = {isa = PBXBuildFile; fileRef = 66BD9B112CD1D61E003453CE /* Can_Walk-1.png */; };
		66BD9B5D2CD1D61E003453CE /* Cry_Walk-1.png in Resources */ = {isa = PBXBuildFile; fileRef = 66BD9B142CD1D61E003453CE /* Cry_Walk-1.png */; };
		66BD9B5E2CD1D61E003453CE /* Cry_Walk-3.png in Resources */ = {isa = PBXBuildFile; fileRef = 66BD9B162CD1D61E003453CE /* Cry_Walk-3.png */; };
		66BD9B5F2CD1D61E003453CE /* Goo_Walk-1.png in Resources */ = {isa = PBXBuildFile; fileRef = 66BD9B1A2CD1D61E003453CE /* Goo_Walk-1.png */; };
		66BD9B602CD1D61E003453CE /* Elephant_Walk-2.png in Resources */ = {isa = PBXBuildFile; fileRef = 66BD9B182CD1D61E003453CE /* Elephant_Walk-2.png */; };
		66BD9B612CD1D61E003453CE /* Man_Walk-3.png in Resources */ = {isa = PBXBuildFile; fileRef = 66BD9B2E2CD1D61E003453CE /* Man_Walk-3.png */; };
		66BD9B622CD1D61E003453CE /* Horse_Walk-3 2.png in Resources */ = {isa = PBXBuildFile; fileRef = 66BD9B282CD1D61E003453CE /* Horse_Walk-3 2.png */; };
		66BD9B632CD1D61E003453CE /* Paint_Walk-2.png in Resources */ = {isa = PBXBuildFile; fileRef = 66BD9B302CD1D61E003453CE /* Paint_Walk-2.png */; };
		66BD9B642CD1D61E003453CE /* Paint_Walk-3.png in Resources */ = {isa = PBXBuildFile; fileRef = 66BD9B312CD1D61E003453CE /* Paint_Walk-3.png */; };
		66BD9B652CD1D61E003453CE /* Umbrella_Walk-1.png in Resources */ = {isa = PBXBuildFile; fileRef = 66BD9B462CD1D61E003453CE /* Umbrella_Walk-1.png */; };
		66BD9B662CD1D61E003453CE /* Butterfly_Walk-1.png in Resources */ = {isa = PBXBuildFile; fileRef = 66BD9B092CD1D61E003453CE /* Butterfly_Walk-1.png */; };
		66BD9B672CD1D61E003453CE /* Man_Walk-1.png in Resources */ = {isa = PBXBuildFile; fileRef = 66BD9B2C2CD1D61E003453CE /* Man_Walk-1.png */; };
		66BD9B682CD1D61E003453CE /* Horse_Walk-1 2.png in Resources */ = {isa = PBXBuildFile; fileRef = 66BD9B242CD1D61E003453CE /* Horse_Walk-1 2.png */; };
		66BD9B692CD1D61E003453CE /* Pant_Walk-1.png in Resources */ = {isa = PBXBuildFile; fileRef = 66BD9B332CD1D61E003453CE /* Pant_Walk-1.png */; };
		66BD9B6A2CD1D61E003453CE /* Pea_Walk-3.png in Resources */ = {isa = PBXBuildFile; fileRef = 66BD9B3B2CD1D61E003453CE /* Pea_Walk-3.png */; };
		66BD9B6B2CD1D61E003453CE /* Bird_Walk-2.png in Resources */ = {isa = PBXBuildFile; fileRef = 66BD9AFF2CD1D61E003453CE /* Bird_Walk-2.png */; };
		66BD9B6C2CD1D61E003453CE /* Snake_Walk-4.png in Resources */ = {isa = PBXBuildFile; fileRef = 66BD9B452CD1D61E003453CE /* Snake_Walk-4.png */; };
		66BD9B6D2CD1D61E003453CE /* Heart_Walk-2.png in Resources */ = {isa = PBXBuildFile; fileRef = 66BD9B1E2CD1D61E003453CE /* Heart_Walk-2.png */; };
		66BD9B6E2CD1D61E003453CE /* Butterfly_Walk-3.png in Resources */ = {isa = PBXBuildFile; fileRef = 66BD9B0B2CD1D61E003453CE /* Butterfly_Walk-3.png */; };
		66BD9B6F2CD1D61E003453CE /* Heart_Walk-1.png in Resources */ = {isa = PBXBuildFile; fileRef = 66BD9B1D2CD1D61E003453CE /* Heart_Walk-1.png */; };
		66BD9B702CD1D61E003453CE /* Lip_Walk-2.png in Resources */ = {isa = PBXBuildFile; fileRef = 66BD9B2A2CD1D61E003453CE /* Lip_Walk-2.png */; };
		66BD9B712CD1D61E003453CE /* Can_Walk-3.png in Resources */ = {isa = PBXBuildFile; fileRef = 66BD9B132CD1D61E003453CE /* Can_Walk-3.png */; };
		66BD9B722CD1D61E003453CE /* Peanut_Walk-3.png in Resources */ = {isa = PBXBuildFile; fileRef = 66BD9B3E2CD1D61E003453CE /* Peanut_Walk-3.png */; };
		66BD9B732CD1D61E003453CE /* Bat_Walk-3.png in Resources */ = {isa = PBXBuildFile; fileRef = 66BD9AFA2CD1D61E003453CE /* Bat_Walk-3.png */; };
		66BD9B742CD1D61E003453CE /* Bat_Walk-4.png in Resources */ = {isa = PBXBuildFile; fileRef = 66BD9AFB2CD1D61E003453CE /* Bat_Walk-4.png */; };
		66BD9B752CD1D61E003453CE /* Umbrella_Walk-2.png in Resources */ = {isa = PBXBuildFile; fileRef = 66BD9B472CD1D61E003453CE /* Umbrella_Walk-2.png */; };
		66BD9B762CD1D61E003453CE /* Horse_Walk-1.png in Resources */ = {isa = PBXBuildFile; fileRef = 66BD9B232CD1D61E003453CE /* Horse_Walk-1.png */; };
		66BD9B772CD1D61E003453CE /* Heart_Walk-4.png in Resources */ = {isa = PBXBuildFile; fileRef = 66BD9B202CD1D61E003453CE /* Heart_Walk-4.png */; };
		66BD9B782CD1D61E003453CE /* Paint_Walk-4.png in Resources */ = {isa = PBXBuildFile; fileRef = 66BD9B322CD1D61E003453CE /* Paint_Walk-4.png */; };
		66BD9B792CD1D61E003453CE /* Bird_Walk-3.png in Resources */ = {isa = PBXBuildFile; fileRef = 66BD9B002CD1D61E003453CE /* Bird_Walk-3.png */; };
		66BD9B7A2CD1D61E003453CE /* Horse_Walk-2 2.png in Resources */ = {isa = PBXBuildFile; fileRef = 66BD9B262CD1D61E003453CE /* Horse_Walk-2 2.png */; };
		66BD9B7B2CD1D61E003453CE /* Bloom_Walk-1.png in Resources */ = {isa = PBXBuildFile; fileRef = 66BD9B052CD1D61E003453CE /* Bloom_Walk-1.png */; };
		66BD9B7C2CD1D61E003453CE /* Bird_Walk-1.png in Resources */ = {isa = PBXBuildFile; fileRef = 66BD9AFE2CD1D61E003453CE /* Bird_Walk-1.png */; };
		66BD9B7D2CD1D61E003453CE /* Horse_Walk-3.png in Resources */ = {isa = PBXBuildFile; fileRef = 66BD9B272CD1D61E003453CE /* Horse_Walk-3.png */; };
		66BD9B7E2CD1D61E003453CE /* Butterfly_Walk-7.png in Resources */ = {isa = PBXBuildFile; fileRef = 66BD9B0F2CD1D61E003453CE /* Butterfly_Walk-7.png */; };
		66BD9B7F2CD1D61E003453CE /* Heart_Walk-3.png in Resources */ = {isa = PBXBuildFile; fileRef = 66BD9B1F2CD1D61E003453CE /* Heart_Walk-3.png */; };
		66BD9B802CD1D61E003453CE /* Balloon_Walk-1.png in Resources */ = {isa = PBXBuildFile; fileRef = 66BD9AF52CD1D61E003453CE /* Balloon_Walk-1.png */; };
		66BD9B812CD1D61E003453CE /* Apple_Walk-1.png in Resources */ = {isa = PBXBuildFile; fileRef = 66BD9AF22CD1D61E003453CE /* Apple_Walk-1.png */; };
		66BD9B822CD1D61E003453CE /* Can_Walk-2.png in Resources */ = {isa = PBXBuildFile; fileRef = 66BD9B122CD1D61E003453CE /* Can_Walk-2.png */; };
		66BD9B832CD1D61E003453CE /* Bird_Walk-7.png in Resources */ = {isa = PBXBuildFile; fileRef = 66BD9B042CD1D61E003453CE /* Bird_Walk-7.png */; };
		66BD9B842CD1D61E003453CE /* Heart_Walk-6.png in Resources */ = {isa = PBXBuildFile; fileRef = 66BD9B222CD1D61E003453CE /* Heart_Walk-6.png */; };
		66BD9B852CD1D61E003453CE /* Butterfly_Walk-2.png in Resources */ = {isa = PBXBuildFile; fileRef = 66BD9B0A2CD1D61E003453CE /* Butterfly_Walk-2.png */; };
		66BD9B862CD1D61E003453CE /* Cry_Walk-2.png in Resources */ = {isa = PBXBuildFile; fileRef = 66BD9B152CD1D61E003453CE /* Cry_Walk-2.png */; };
		66BD9B872CD1D61E003453CE /* Butterfly_Walk-6.png in Resources */ = {isa = PBXBuildFile; fileRef = 66BD9B0E2CD1D61E003453CE /* Butterfly_Walk-6.png */; };
		66BD9B882CD1D61E003453CE /* Roll_Walk-1.png in Resources */ = {isa = PBXBuildFile; fileRef = 66BD9B3F2CD1D61E003453CE /* Roll_Walk-1.png */; };
		66BD9B892CD1D61E003453CE /* Bloom_Walk-2.png in Resources */ = {isa = PBXBuildFile; fileRef = 66BD9B062CD1D61E003453CE /* Bloom_Walk-2.png */; };
		66BD9B8A2CD1D61E003453CE /* Bat_Walk-2.png in Resources */ = {isa = PBXBuildFile; fileRef = 66BD9AF92CD1D61E003453CE /* Bat_Walk-2.png */; };
		66BD9B8B2CD1D61E003453CE /* Pant_Walk-3.png in Resources */ = {isa = PBXBuildFile; fileRef = 66BD9B352CD1D61E003453CE /* Pant_Walk-3.png */; };
		66BD9B8C2CD1D61E003453CE /* Elephant_Walk-3.png in Resources */ = {isa = PBXBuildFile; fileRef = 66BD9B192CD1D61E003453CE /* Elephant_Walk-3.png */; };
		66BD9B8D2CD1D61E003453CE /* Paper_Walk-1.png in Resources */ = {isa = PBXBuildFile; fileRef = 66BD9B362CD1D61E003453CE /* Paper_Walk-1.png */; };
		66BD9B8E2CD1D61E003453CE /* Bat_Walk-6.png in Resources */ = {isa = PBXBuildFile; fileRef = 66BD9AFD2CD1D61E003453CE /* Bat_Walk-6.png */; };
		66BD9B8F2CD1D61E003453CE /* Butterfly_Walk-5.png in Resources */ = {isa = PBXBuildFile; fileRef = 66BD9B0D2CD1D61E003453CE /* Butterfly_Walk-5.png */; };
		66BD9B902CD1D61E003453CE /* Paper_Walk-2.png in Resources */ = {isa = PBXBuildFile; fileRef = 66BD9B372CD1D61E003453CE /* Paper_Walk-2.png */; };
		66BD9B912CD1D61E003453CE /* Paper_Walk-3.png in Resources */ = {isa = PBXBuildFile; fileRef = 66BD9B382CD1D61E003453CE /* Paper_Walk-3.png */; };
		66BD9B922CD1D61E003453CE /* Bloom_Walk-3.png in Resources */ = {isa = PBXBuildFile; fileRef = 66BD9B072CD1D61E003453CE /* Bloom_Walk-3.png */; };
		66BD9B932CD1D61E003453CE /* Heart_Walk-5.png in Resources */ = {isa = PBXBuildFile; fileRef = 66BD9B212CD1D61E003453CE /* Heart_Walk-5.png */; };
		66BD9B942CD1D61E003453CE /* Balloon_Walk-3.png in Resources */ = {isa = PBXBuildFile; fileRef = 66BD9AF72CD1D61E003453CE /* Balloon_Walk-3.png */; };
		66BD9B952CD1D61E003453CE /* Pant_Walk-2.png in Resources */ = {isa = PBXBuildFile; fileRef = 66BD9B342CD1D61E003453CE /* Pant_Walk-2.png */; };
		66BD9B962CD1D61E003453CE /* Pea_Walk-2.png in Resources */ = {isa = PBXBuildFile; fileRef = 66BD9B3A2CD1D61E003453CE /* Pea_Walk-2.png */; };
		66BD9B972CD1D61E003453CE /* Roll_Walk-2.png in Resources */ = {isa = PBXBuildFile; fileRef = 66BD9B402CD1D61E003453CE /* Roll_Walk-2.png */; };
		66BD9B982CD1D61E003453CE /* Bat_Walk-5.png in Resources */ = {isa = PBXBuildFile; fileRef = 66BD9AFC2CD1D61E003453CE /* Bat_Walk-5.png */; };
		66BD9B992CD1D61E003453CE /* Snake_Walk-3.png in Resources */ = {isa = PBXBuildFile; fileRef = 66BD9B442CD1D61E003453CE /* Snake_Walk-3.png */; };
		66BD9B9A2CD1D61E003453CE /* Pea_Walk-1.png in Resources */ = {isa = PBXBuildFile; fileRef = 66BD9B392CD1D61E003453CE /* Pea_Walk-1.png */; };
		66BD9B9B2CD1D61E003453CE /* Balloon_Walk-2.png in Resources */ = {isa = PBXBuildFile; fileRef = 66BD9AF62CD1D61E003453CE /* Balloon_Walk-2.png */; };
		66BD9B9C2CD1D61E003453CE /* Peanut_Walk-1.png in Resources */ = {isa = PBXBuildFile; fileRef = 66BD9B3C2CD1D61E003453CE /* Peanut_Walk-1.png */; };
		66BD9B9D2CD1D61E003453CE /* Apple_Walk-3.png in Resources */ = {isa = PBXBuildFile; fileRef = 66BD9AF42CD1D61E003453CE /* Apple_Walk-3.png */; };
		66BD9B9E2CD1D61E003453CE /* Lip_Walk-3.png in Resources */ = {isa = PBXBuildFile; fileRef = 66BD9B2B2CD1D61E003453CE /* Lip_Walk-3.png */; };
		66BD9B9F2CD1D61E003453CE /* Roll_Walk-3.png in Resources */ = {isa = PBXBuildFile; fileRef = 66BD9B412CD1D61E003453CE /* Roll_Walk-3.png */; };
		66BD9BA02CD1D61E003453CE /* Paint_Walk-1.png in Resources */ = {isa = PBXBuildFile; fileRef = 66BD9B2F2CD1D61E003453CE /* Paint_Walk-1.png */; };
		66BD9BA12CD1D61E003453CE /* Bat_Walk-1.png in Resources */ = {isa = PBXBuildFile; fileRef = 66BD9AF82CD1D61E003453CE /* Bat_Walk-1.png */; };
		66BD9BA22CD1D61E003453CE /* Bird_Walk-6.png in Resources */ = {isa = PBXBuildFile; fileRef = 66BD9B032CD1D61E003453CE /* Bird_Walk-6.png */; };
		66BD9BA32CD1D61E003453CE /* Lip_Walk-1.png in Resources */ = {isa = PBXBuildFile; fileRef = 66BD9B292CD1D61E003453CE /* Lip_Walk-1.png */; };
		66BD9BA42CD1D61E003453CE /* Bird_Walk-4.png in Resources */ = {isa = PBXBuildFile; fileRef = 66BD9B012CD1D61E003453CE /* Bird_Walk-4.png */; };
		66BD9BA52CD1D61E003453CE /* Man_Walk-2.png in Resources */ = {isa = PBXBuildFile; fileRef = 66BD9B2D2CD1D61E003453CE /* Man_Walk-2.png */; };
		66BD9BA62CD1D61E003453CE /* Snake_Walk-1.png in Resources */ = {isa = PBXBuildFile; fileRef = 66BD9B422CD1D61E003453CE /* Snake_Walk-1.png */; };
		66BD9BA72CD1D61E003453CE /* Umbrella_Walk-3.png in Resources */ = {isa = PBXBuildFile; fileRef = 66BD9B482CD1D61E003453CE /* Umbrella_Walk-3.png */; };
		66BD9BA82CD1D61E003453CE /* Butterfly_Walk-8.png in Resources */ = {isa = PBXBuildFile; fileRef = 66BD9B102CD1D61E003453CE /* Butterfly_Walk-8.png */; };
		66BD9BA92CD1D61E003453CE /* Goo_Walk-3.png in Resources */ = {isa = PBXBuildFile; fileRef = 66BD9B1C2CD1D61E003453CE /* Goo_Walk-3.png */; };
		66BD9BAA2CD1D61E003453CE /* Butterfly_Walk-4.png in Resources */ = {isa = PBXBuildFile; fileRef = 66BD9B0C2CD1D61E003453CE /* Butterfly_Walk-4.png */; };
		66BD9BAB2CD1D61E003453CE /* Elephant_Walk-1.png in Resources */ = {isa = PBXBuildFile; fileRef = 66BD9B172CD1D61E003453CE /* Elephant_Walk-1.png */; };
		66BD9BAC2CD1D61E003453CE /* Apple_Walk-2.png in Resources */ = {isa = PBXBuildFile; fileRef = 66BD9AF32CD1D61E003453CE /* Apple_Walk-2.png */; };
		66BD9BAD2CD1D61E003453CE /* Goo_Walk-2.png in Resources */ = {isa = PBXBuildFile; fileRef = 66BD9B1B2CD1D61E003453CE /* Goo_Walk-2.png */; };
		66BD9BAE2CD1D61E003453CE /* Snake_Walk-2.png in Resources */ = {isa = PBXBuildFile; fileRef = 66BD9B432CD1D61E003453CE /* Snake_Walk-2.png */; };
		66BD9BAF2CD1D61E003453CE /* Horse_Walk-2.png in Resources */ = {isa = PBXBuildFile; fileRef = 66BD9B252CD1D61E003453CE /* Horse_Walk-2.png */; };
		66BD9BB02CD1D61E003453CE /* Peanut_Walk-2.png in Resources */ = {isa = PBXBuildFile; fileRef = 66BD9B3D2CD1D61E003453CE /* Peanut_Walk-2.png */; };
		66BD9BB12CD1D61E003453CE /* Bloom_Walk-4.png in Resources */ = {isa = PBXBuildFile; fileRef = 66BD9B082CD1D61E003453CE /* Bloom_Walk-4.png */; };
		66BD9BB22CD1D61E003453CE /* Bird_Walk-5.png in Resources */ = {isa = PBXBuildFile; fileRef = 66BD9B022CD1D61E003453CE /* Bird_Walk-5.png */; };
		66BD9BB32CD1D61E003453CE /* Can_Walk-1.png in Resources */ = {isa = PBXBuildFile; fileRef = 66BD9B112CD1D61E003453CE /* Can_Walk-1.png */; };
		66BD9BB42CD1D61E003453CE /* Cry_Walk-1.png in Resources */ = {isa = PBXBuildFile; fileRef = 66BD9B142CD1D61E003453CE /* Cry_Walk-1.png */; };
		66BD9BB52CD1D61E003453CE /* Cry_Walk-3.png in Resources */ = {isa = PBXBuildFile; fileRef = 66BD9B162CD1D61E003453CE /* Cry_Walk-3.png */; };
		66BD9BB62CD1D61E003453CE /* Goo_Walk-1.png in Resources */ = {isa = PBXBuildFile; fileRef = 66BD9B1A2CD1D61E003453CE /* Goo_Walk-1.png */; };
		66BD9BB72CD1D61E003453CE /* Elephant_Walk-2.png in Resources */ = {isa = PBXBuildFile; fileRef = 66BD9B182CD1D61E003453CE /* Elephant_Walk-2.png */; };
		66BD9BB82CD1D61E003453CE /* Man_Walk-3.png in Resources */ = {isa = PBXBuildFile; fileRef = 66BD9B2E2CD1D61E003453CE /* Man_Walk-3.png */; };
		66BD9BB92CD1D61E003453CE /* Horse_Walk-3 2.png in Resources */ = {isa = PBXBuildFile; fileRef = 66BD9B282CD1D61E003453CE /* Horse_Walk-3 2.png */; };
		66BD9BBA2CD1D61E003453CE /* Paint_Walk-2.png in Resources */ = {isa = PBXBuildFile; fileRef = 66BD9B302CD1D61E003453CE /* Paint_Walk-2.png */; };
		66BD9BBB2CD1D61E003453CE /* Paint_Walk-3.png in Resources */ = {isa = PBXBuildFile; fileRef = 66BD9B312CD1D61E003453CE /* Paint_Walk-3.png */; };
		66BD9BBC2CD1D61E003453CE /* Umbrella_Walk-1.png in Resources */ = {isa = PBXBuildFile; fileRef = 66BD9B462CD1D61E003453CE /* Umbrella_Walk-1.png */; };
		66BD9BBD2CD1D61E003453CE /* Butterfly_Walk-1.png in Resources */ = {isa = PBXBuildFile; fileRef = 66BD9B092CD1D61E003453CE /* Butterfly_Walk-1.png */; };
		66BD9BBE2CD1D61E003453CE /* Man_Walk-1.png in Resources */ = {isa = PBXBuildFile; fileRef = 66BD9B2C2CD1D61E003453CE /* Man_Walk-1.png */; };
		66BD9BBF2CD1D61E003453CE /* Horse_Walk-1 2.png in Resources */ = {isa = PBXBuildFile; fileRef = 66BD9B242CD1D61E003453CE /* Horse_Walk-1 2.png */; };
		66BD9BC02CD1D61E003453CE /* Pant_Walk-1.png in Resources */ = {isa = PBXBuildFile; fileRef = 66BD9B332CD1D61E003453CE /* Pant_Walk-1.png */; };
		66BD9BC12CD1D61E003453CE /* Pea_Walk-3.png in Resources */ = {isa = PBXBuildFile; fileRef = 66BD9B3B2CD1D61E003453CE /* Pea_Walk-3.png */; };
		66BD9BC22CD1D61E003453CE /* Bird_Walk-2.png in Resources */ = {isa = PBXBuildFile; fileRef = 66BD9AFF2CD1D61E003453CE /* Bird_Walk-2.png */; };
		66BD9BC32CD1D61E003453CE /* Snake_Walk-4.png in Resources */ = {isa = PBXBuildFile; fileRef = 66BD9B452CD1D61E003453CE /* Snake_Walk-4.png */; };
		66BD9BC42CD1D61E003453CE /* Heart_Walk-2.png in Resources */ = {isa = PBXBuildFile; fileRef = 66BD9B1E2CD1D61E003453CE /* Heart_Walk-2.png */; };
		66BD9BC52CD1D61E003453CE /* Butterfly_Walk-3.png in Resources */ = {isa = PBXBuildFile; fileRef = 66BD9B0B2CD1D61E003453CE /* Butterfly_Walk-3.png */; };
		66BD9BC62CD1D61E003453CE /* Heart_Walk-1.png in Resources */ = {isa = PBXBuildFile; fileRef = 66BD9B1D2CD1D61E003453CE /* Heart_Walk-1.png */; };
		66BD9BC72CD1D61E003453CE /* Lip_Walk-2.png in Resources */ = {isa = PBXBuildFile; fileRef = 66BD9B2A2CD1D61E003453CE /* Lip_Walk-2.png */; };
		66BD9BC82CD1D61E003453CE /* Can_Walk-3.png in Resources */ = {isa = PBXBuildFile; fileRef = 66BD9B132CD1D61E003453CE /* Can_Walk-3.png */; };
		66BD9BC92CD1D61E003453CE /* Peanut_Walk-3.png in Resources */ = {isa = PBXBuildFile; fileRef = 66BD9B3E2CD1D61E003453CE /* Peanut_Walk-3.png */; };
		66BD9BCA2CD1D61E003453CE /* Bat_Walk-3.png in Resources */ = {isa = PBXBuildFile; fileRef = 66BD9AFA2CD1D61E003453CE /* Bat_Walk-3.png */; };
		66BD9BCB2CD1D61E003453CE /* Bat_Walk-4.png in Resources */ = {isa = PBXBuildFile; fileRef = 66BD9AFB2CD1D61E003453CE /* Bat_Walk-4.png */; };
		66BD9BCC2CD1D61E003453CE /* Umbrella_Walk-2.png in Resources */ = {isa = PBXBuildFile; fileRef = 66BD9B472CD1D61E003453CE /* Umbrella_Walk-2.png */; };
		66BD9BCD2CD1D61E003453CE /* Horse_Walk-1.png in Resources */ = {isa = PBXBuildFile; fileRef = 66BD9B232CD1D61E003453CE /* Horse_Walk-1.png */; };
		66BD9BCE2CD1D61E003453CE /* Heart_Walk-4.png in Resources */ = {isa = PBXBuildFile; fileRef = 66BD9B202CD1D61E003453CE /* Heart_Walk-4.png */; };
		66BD9BCF2CD1D61E003453CE /* Paint_Walk-4.png in Resources */ = {isa = PBXBuildFile; fileRef = 66BD9B322CD1D61E003453CE /* Paint_Walk-4.png */; };
		66BD9BD02CD1D61E003453CE /* Bird_Walk-3.png in Resources */ = {isa = PBXBuildFile; fileRef = 66BD9B002CD1D61E003453CE /* Bird_Walk-3.png */; };
		66BD9BD12CD1D61E003453CE /* Horse_Walk-2 2.png in Resources */ = {isa = PBXBuildFile; fileRef = 66BD9B262CD1D61E003453CE /* Horse_Walk-2 2.png */; };
		66BD9BD22CD1D61E003453CE /* Bloom_Walk-1.png in Resources */ = {isa = PBXBuildFile; fileRef = 66BD9B052CD1D61E003453CE /* Bloom_Walk-1.png */; };
		66BD9BD32CD1D61E003453CE /* Bird_Walk-1.png in Resources */ = {isa = PBXBuildFile; fileRef = 66BD9AFE2CD1D61E003453CE /* Bird_Walk-1.png */; };
		66BD9BD42CD1D61E003453CE /* Horse_Walk-3.png in Resources */ = {isa = PBXBuildFile; fileRef = 66BD9B272CD1D61E003453CE /* Horse_Walk-3.png */; };
		66BD9BD52CD1D61E003453CE /* Butterfly_Walk-7.png in Resources */ = {isa = PBXBuildFile; fileRef = 66BD9B0F2CD1D61E003453CE /* Butterfly_Walk-7.png */; };
		66BD9BD62CD1D61E003453CE /* Heart_Walk-3.png in Resources */ = {isa = PBXBuildFile; fileRef = 66BD9B1F2CD1D61E003453CE /* Heart_Walk-3.png */; };
		66BD9BD72CD1D61E003453CE /* Balloon_Walk-1.png in Resources */ = {isa = PBXBuildFile; fileRef = 66BD9AF52CD1D61E003453CE /* Balloon_Walk-1.png */; };
		66BD9BD82CD1D61E003453CE /* Apple_Walk-1.png in Resources */ = {isa = PBXBuildFile; fileRef = 66BD9AF22CD1D61E003453CE /* Apple_Walk-1.png */; };
		66BD9BD92CD1D61E003453CE /* Can_Walk-2.png in Resources */ = {isa = PBXBuildFile; fileRef = 66BD9B122CD1D61E003453CE /* Can_Walk-2.png */; };
		66BD9BDA2CD1D61E003453CE /* Bird_Walk-7.png in Resources */ = {isa = PBXBuildFile; fileRef = 66BD9B042CD1D61E003453CE /* Bird_Walk-7.png */; };
		66BD9BDB2CD1D61E003453CE /* Heart_Walk-6.png in Resources */ = {isa = PBXBuildFile; fileRef = 66BD9B222CD1D61E003453CE /* Heart_Walk-6.png */; };
		66BD9BDC2CD1D61E003453CE /* Butterfly_Walk-2.png in Resources */ = {isa = PBXBuildFile; fileRef = 66BD9B0A2CD1D61E003453CE /* Butterfly_Walk-2.png */; };
		66BD9BDD2CD1D61E003453CE /* Cry_Walk-2.png in Resources */ = {isa = PBXBuildFile; fileRef = 66BD9B152CD1D61E003453CE /* Cry_Walk-2.png */; };
		66BD9BDE2CD1D61E003453CE /* Butterfly_Walk-6.png in Resources */ = {isa = PBXBuildFile; fileRef = 66BD9B0E2CD1D61E003453CE /* Butterfly_Walk-6.png */; };
		66BD9BDF2CD1D61E003453CE /* Roll_Walk-1.png in Resources */ = {isa = PBXBuildFile; fileRef = 66BD9B3F2CD1D61E003453CE /* Roll_Walk-1.png */; };
		66BD9BE02CD1D61E003453CE /* Bloom_Walk-2.png in Resources */ = {isa = PBXBuildFile; fileRef = 66BD9B062CD1D61E003453CE /* Bloom_Walk-2.png */; };
		66BD9BE12CD1D61E003453CE /* Bat_Walk-2.png in Resources */ = {isa = PBXBuildFile; fileRef = 66BD9AF92CD1D61E003453CE /* Bat_Walk-2.png */; };
		66BD9BE22CD1D61E003453CE /* Pant_Walk-3.png in Resources */ = {isa = PBXBuildFile; fileRef = 66BD9B352CD1D61E003453CE /* Pant_Walk-3.png */; };
		66BD9BE32CD1D61E003453CE /* Elephant_Walk-3.png in Resources */ = {isa = PBXBuildFile; fileRef = 66BD9B192CD1D61E003453CE /* Elephant_Walk-3.png */; };
		66BD9BE42CD1D61E003453CE /* Paper_Walk-1.png in Resources */ = {isa = PBXBuildFile; fileRef = 66BD9B362CD1D61E003453CE /* Paper_Walk-1.png */; };
		66BD9BE52CD1D61E003453CE /* Bat_Walk-6.png in Resources */ = {isa = PBXBuildFile; fileRef = 66BD9AFD2CD1D61E003453CE /* Bat_Walk-6.png */; };
		66BD9BE62CD1D61E003453CE /* Butterfly_Walk-5.png in Resources */ = {isa = PBXBuildFile; fileRef = 66BD9B0D2CD1D61E003453CE /* Butterfly_Walk-5.png */; };
		66BD9BE72CD1D61E003453CE /* Paper_Walk-2.png in Resources */ = {isa = PBXBuildFile; fileRef = 66BD9B372CD1D61E003453CE /* Paper_Walk-2.png */; };
		66BD9BE82CD1D61E003453CE /* Paper_Walk-3.png in Resources */ = {isa = PBXBuildFile; fileRef = 66BD9B382CD1D61E003453CE /* Paper_Walk-3.png */; };
		66BD9BE92CD1D61E003453CE /* Bloom_Walk-3.png in Resources */ = {isa = PBXBuildFile; fileRef = 66BD9B072CD1D61E003453CE /* Bloom_Walk-3.png */; };
		66BD9BEA2CD1D61E003453CE /* Heart_Walk-5.png in Resources */ = {isa = PBXBuildFile; fileRef = 66BD9B212CD1D61E003453CE /* Heart_Walk-5.png */; };
		66BD9BEB2CD1D61E003453CE /* Balloon_Walk-3.png in Resources */ = {isa = PBXBuildFile; fileRef = 66BD9AF72CD1D61E003453CE /* Balloon_Walk-3.png */; };
		66BD9BEC2CD1D61E003453CE /* Pant_Walk-2.png in Resources */ = {isa = PBXBuildFile; fileRef = 66BD9B342CD1D61E003453CE /* Pant_Walk-2.png */; };
		66BD9BED2CD1D61E003453CE /* Pea_Walk-2.png in Resources */ = {isa = PBXBuildFile; fileRef = 66BD9B3A2CD1D61E003453CE /* Pea_Walk-2.png */; };
		66BD9BEE2CD1D61E003453CE /* Roll_Walk-2.png in Resources */ = {isa = PBXBuildFile; fileRef = 66BD9B402CD1D61E003453CE /* Roll_Walk-2.png */; };
		66BD9BEF2CD1D61E003453CE /* Bat_Walk-5.png in Resources */ = {isa = PBXBuildFile; fileRef = 66BD9AFC2CD1D61E003453CE /* Bat_Walk-5.png */; };
		66BD9BF02CD1D61E003453CE /* Snake_Walk-3.png in Resources */ = {isa = PBXBuildFile; fileRef = 66BD9B442CD1D61E003453CE /* Snake_Walk-3.png */; };
		66BD9BF12CD1D61E003453CE /* Pea_Walk-1.png in Resources */ = {isa = PBXBuildFile; fileRef = 66BD9B392CD1D61E003453CE /* Pea_Walk-1.png */; };
		66BD9BF22CD1D61E003453CE /* Balloon_Walk-2.png in Resources */ = {isa = PBXBuildFile; fileRef = 66BD9AF62CD1D61E003453CE /* Balloon_Walk-2.png */; };
		66BD9BF32CD1D61E003453CE /* Peanut_Walk-1.png in Resources */ = {isa = PBXBuildFile; fileRef = 66BD9B3C2CD1D61E003453CE /* Peanut_Walk-1.png */; };
		66BD9BF42CD1D61E003453CE /* Apple_Walk-3.png in Resources */ = {isa = PBXBuildFile; fileRef = 66BD9AF42CD1D61E003453CE /* Apple_Walk-3.png */; };
		66BD9BF52CD1D61E003453CE /* Lip_Walk-3.png in Resources */ = {isa = PBXBuildFile; fileRef = 66BD9B2B2CD1D61E003453CE /* Lip_Walk-3.png */; };
		66BD9BF62CD1D61E003453CE /* Roll_Walk-3.png in Resources */ = {isa = PBXBuildFile; fileRef = 66BD9B412CD1D61E003453CE /* Roll_Walk-3.png */; };
		66FFD8C12CBAF91300C03C74 /* characters.json in Resources */ = {isa = PBXBuildFile; fileRef = 66FFD8C02CBAF90F00C03C74 /* characters.json */; };
		66FFD8C22CBAF91300C03C74 /* characters.json in Resources */ = {isa = PBXBuildFile; fileRef = 66FFD8C02CBAF90F00C03C74 /* characters.json */; };
/* End PBXBuildFile section */

/* Begin PBXFileReference section */
		660C531A2BC2E23E00E0B910 /* thumbnail@2x.png */ = {isa = PBXFileReference; lastKnownFileType = image.png; path = "thumbnail@2x.png"; sourceTree = "<group>"; };
		660C531B2BC2E23E00E0B910 /* thumbnail.png */ = {isa = PBXFileReference; lastKnownFileType = image.png; path = thumbnail.png; sourceTree = "<group>"; };
		66302E992BC2E5F100A4523F /* suerynnsaver.saver */ = {isa = PBXFileReference; explicitFileType = wrapper.cfbundle; includeInIndex = 0; path = suerynnsaver.saver; sourceTree = BUILT_PRODUCTS_DIR; };
		66302E9A2BC2E5F100A4523F /* ScreensaverPreview.app */ = {isa = PBXFileReference; explicitFileType = wrapper.application; includeInIndex = 0; path = ScreensaverPreview.app; sourceTree = BUILT_PRODUCTS_DIR; };
		66419F7F2CD322B3007B393F /* Metal.framework */ = {isa = PBXFileReference; lastKnownFileType = wrapper.framework; name = Metal.framework; path = System/Library/Frameworks/Metal.framework; sourceTree = SDKROOT; };
		6683311E2A94466100442116 /* MainView.swift */ = {isa = PBXFileReference; fileEncoding = 4; lastKnownFileType = sourcecode.swift; path = MainView.swift; sourceTree = "<group>"; };
		66ABE6D02A96D63B007D79DB /* ContentView.swift */ = {isa = PBXFileReference; lastKnownFileType = sourcecode.swift; path = ContentView.swift; sourceTree = "<group>"; };
		66ABE6D22A96D63F007D79DB /* Assets.xcassets */ = {isa = PBXFileReference; lastKnownFileType = folder.assetcatalog; path = Assets.xcassets; sourceTree = "<group>"; };
		66ABE6D72A96D63F007D79DB /* ScreensaverPreview.entitlements */ = {isa = PBXFileReference; lastKnownFileType = text.plist.entitlements; path = ScreensaverPreview.entitlements; sourceTree = "<group>"; };
		66BD9AF22CD1D61E003453CE /* Apple_Walk-1.png */ = {isa = PBXFileReference; lastKnownFileType = image.png; path = "Apple_Walk-1.png"; sourceTree = "<group>"; };
		66BD9AF32CD1D61E003453CE /* Apple_Walk-2.png */ = {isa = PBXFileReference; lastKnownFileType = image.png; path = "Apple_Walk-2.png"; sourceTree = "<group>"; };
		66BD9AF42CD1D61E003453CE /* Apple_Walk-3.png */ = {isa = PBXFileReference; lastKnownFileType = image.png; path = "Apple_Walk-3.png"; sourceTree = "<group>"; };
		66BD9AF52CD1D61E003453CE /* Balloon_Walk-1.png */ = {isa = PBXFileReference; lastKnownFileType = image.png; path = "Balloon_Walk-1.png"; sourceTree = "<group>"; };
		66BD9AF62CD1D61E003453CE /* Balloon_Walk-2.png */ = {isa = PBXFileReference; lastKnownFileType = image.png; path = "Balloon_Walk-2.png"; sourceTree = "<group>"; };
		66BD9AF72CD1D61E003453CE /* Balloon_Walk-3.png */ = {isa = PBXFileReference; lastKnownFileType = image.png; path = "Balloon_Walk-3.png"; sourceTree = "<group>"; };
		66BD9AF82CD1D61E003453CE /* Bat_Walk-1.png */ = {isa = PBXFileReference; lastKnownFileType = image.png; path = "Bat_Walk-1.png"; sourceTree = "<group>"; };
		66BD9AF92CD1D61E003453CE /* Bat_Walk-2.png */ = {isa = PBXFileReference; lastKnownFileType = image.png; path = "Bat_Walk-2.png"; sourceTree = "<group>"; };
		66BD9AFA2CD1D61E003453CE /* Bat_Walk-3.png */ = {isa = PBXFileReference; lastKnownFileType = image.png; path = "Bat_Walk-3.png"; sourceTree = "<group>"; };
		66BD9AFB2CD1D61E003453CE /* Bat_Walk-4.png */ = {isa = PBXFileReference; lastKnownFileType = image.png; path = "Bat_Walk-4.png"; sourceTree = "<group>"; };
		66BD9AFC2CD1D61E003453CE /* Bat_Walk-5.png */ = {isa = PBXFileReference; lastKnownFileType = image.png; path = "Bat_Walk-5.png"; sourceTree = "<group>"; };
		66BD9AFD2CD1D61E003453CE /* Bat_Walk-6.png */ = {isa = PBXFileReference; lastKnownFileType = image.png; path = "Bat_Walk-6.png"; sourceTree = "<group>"; };
		66BD9AFE2CD1D61E003453CE /* Bird_Walk-1.png */ = {isa = PBXFileReference; lastKnownFileType = image.png; path = "Bird_Walk-1.png"; sourceTree = "<group>"; };
		66BD9AFF2CD1D61E003453CE /* Bird_Walk-2.png */ = {isa = PBXFileReference; lastKnownFileType = image.png; path = "Bird_Walk-2.png"; sourceTree = "<group>"; };
		66BD9B002CD1D61E003453CE /* Bird_Walk-3.png */ = {isa = PBXFileReference; lastKnownFileType = image.png; path = "Bird_Walk-3.png"; sourceTree = "<group>"; };
		66BD9B012CD1D61E003453CE /* Bird_Walk-4.png */ = {isa = PBXFileReference; lastKnownFileType = image.png; path = "Bird_Walk-4.png"; sourceTree = "<group>"; };
		66BD9B022CD1D61E003453CE /* Bird_Walk-5.png */ = {isa = PBXFileReference; lastKnownFileType = image.png; path = "Bird_Walk-5.png"; sourceTree = "<group>"; };
		66BD9B032CD1D61E003453CE /* Bird_Walk-6.png */ = {isa = PBXFileReference; lastKnownFileType = image.png; path = "Bird_Walk-6.png"; sourceTree = "<group>"; };
		66BD9B042CD1D61E003453CE /* Bird_Walk-7.png */ = {isa = PBXFileReference; lastKnownFileType = image.png; path = "Bird_Walk-7.png"; sourceTree = "<group>"; };
		66BD9B052CD1D61E003453CE /* Bloom_Walk-1.png */ = {isa = PBXFileReference; lastKnownFileType = image.png; path = "Bloom_Walk-1.png"; sourceTree = "<group>"; };
		66BD9B062CD1D61E003453CE /* Bloom_Walk-2.png */ = {isa = PBXFileReference; lastKnownFileType = image.png; path = "Bloom_Walk-2.png"; sourceTree = "<group>"; };
		66BD9B072CD1D61E003453CE /* Bloom_Walk-3.png */ = {isa = PBXFileReference; lastKnownFileType = image.png; path = "Bloom_Walk-3.png"; sourceTree = "<group>"; };
		66BD9B082CD1D61E003453CE /* Bloom_Walk-4.png */ = {isa = PBXFileReference; lastKnownFileType = image.png; path = "Bloom_Walk-4.png"; sourceTree = "<group>"; };
		66BD9B092CD1D61E003453CE /* Butterfly_Walk-1.png */ = {isa = PBXFileReference; lastKnownFileType = image.png; path = "Butterfly_Walk-1.png"; sourceTree = "<group>"; };
		66BD9B0A2CD1D61E003453CE /* Butterfly_Walk-2.png */ = {isa = PBXFileReference; lastKnownFileType = image.png; path = "Butterfly_Walk-2.png"; sourceTree = "<group>"; };
		66BD9B0B2CD1D61E003453CE /* Butterfly_Walk-3.png */ = {isa = PBXFileReference; lastKnownFileType = image.png; path = "Butterfly_Walk-3.png"; sourceTree = "<group>"; };
		66BD9B0C2CD1D61E003453CE /* Butterfly_Walk-4.png */ = {isa = PBXFileReference; lastKnownFileType = image.png; path = "Butterfly_Walk-4.png"; sourceTree = "<group>"; };
		66BD9B0D2CD1D61E003453CE /* Butterfly_Walk-5.png */ = {isa = PBXFileReference; lastKnownFileType = image.png; path = "Butterfly_Walk-5.png"; sourceTree = "<group>"; };
		66BD9B0E2CD1D61E003453CE /* Butterfly_Walk-6.png */ = {isa = PBXFileReference; lastKnownFileType = image.png; path = "Butterfly_Walk-6.png"; sourceTree = "<group>"; };
		66BD9B0F2CD1D61E003453CE /* Butterfly_Walk-7.png */ = {isa = PBXFileReference; lastKnownFileType = image.png; path = "Butterfly_Walk-7.png"; sourceTree = "<group>"; };
		66BD9B102CD1D61E003453CE /* Butterfly_Walk-8.png */ = {isa = PBXFileReference; lastKnownFileType = image.png; path = "Butterfly_Walk-8.png"; sourceTree = "<group>"; };
		66BD9B112CD1D61E003453CE /* Can_Walk-1.png */ = {isa = PBXFileReference; lastKnownFileType = image.png; path = "Can_Walk-1.png"; sourceTree = "<group>"; };
		66BD9B122CD1D61E003453CE /* Can_Walk-2.png */ = {isa = PBXFileReference; lastKnownFileType = image.png; path = "Can_Walk-2.png"; sourceTree = "<group>"; };
		66BD9B132CD1D61E003453CE /* Can_Walk-3.png */ = {isa = PBXFileReference; lastKnownFileType = image.png; path = "Can_Walk-3.png"; sourceTree = "<group>"; };
		66BD9B142CD1D61E003453CE /* Cry_Walk-1.png */ = {isa = PBXFileReference; lastKnownFileType = image.png; path = "Cry_Walk-1.png"; sourceTree = "<group>"; };
		66BD9B152CD1D61E003453CE /* Cry_Walk-2.png */ = {isa = PBXFileReference; lastKnownFileType = image.png; path = "Cry_Walk-2.png"; sourceTree = "<group>"; };
		66BD9B162CD1D61E003453CE /* Cry_Walk-3.png */ = {isa = PBXFileReference; lastKnownFileType = image.png; path = "Cry_Walk-3.png"; sourceTree = "<group>"; };
		66BD9B172CD1D61E003453CE /* Elephant_Walk-1.png */ = {isa = PBXFileReference; lastKnownFileType = image.png; path = "Elephant_Walk-1.png"; sourceTree = "<group>"; };
		66BD9B182CD1D61E003453CE /* Elephant_Walk-2.png */ = {isa = PBXFileReference; lastKnownFileType = image.png; path = "Elephant_Walk-2.png"; sourceTree = "<group>"; };
		66BD9B192CD1D61E003453CE /* Elephant_Walk-3.png */ = {isa = PBXFileReference; lastKnownFileType = image.png; path = "Elephant_Walk-3.png"; sourceTree = "<group>"; };
		66BD9B1A2CD1D61E003453CE /* Goo_Walk-1.png */ = {isa = PBXFileReference; lastKnownFileType = image.png; path = "Goo_Walk-1.png"; sourceTree = "<group>"; };
		66BD9B1B2CD1D61E003453CE /* Goo_Walk-2.png */ = {isa = PBXFileReference; lastKnownFileType = image.png; path = "Goo_Walk-2.png"; sourceTree = "<group>"; };
		66BD9B1C2CD1D61E003453CE /* Goo_Walk-3.png */ = {isa = PBXFileReference; lastKnownFileType = image.png; path = "Goo_Walk-3.png"; sourceTree = "<group>"; };
		66BD9B1D2CD1D61E003453CE /* Heart_Walk-1.png */ = {isa = PBXFileReference; lastKnownFileType = image.png; path = "Heart_Walk-1.png"; sourceTree = "<group>"; };
		66BD9B1E2CD1D61E003453CE /* Heart_Walk-2.png */ = {isa = PBXFileReference; lastKnownFileType = image.png; path = "Heart_Walk-2.png"; sourceTree = "<group>"; };
		66BD9B1F2CD1D61E003453CE /* Heart_Walk-3.png */ = {isa = PBXFileReference; lastKnownFileType = image.png; path = "Heart_Walk-3.png"; sourceTree = "<group>"; };
		66BD9B202CD1D61E003453CE /* Heart_Walk-4.png */ = {isa = PBXFileReference; lastKnownFileType = image.png; path = "Heart_Walk-4.png"; sourceTree = "<group>"; };
		66BD9B212CD1D61E003453CE /* Heart_Walk-5.png */ = {isa = PBXFileReference; lastKnownFileType = image.png; path = "Heart_Walk-5.png"; sourceTree = "<group>"; };
		66BD9B222CD1D61E003453CE /* Heart_Walk-6.png */ = {isa = PBXFileReference; lastKnownFileType = image.png; path = "Heart_Walk-6.png"; sourceTree = "<group>"; };
		66BD9B232CD1D61E003453CE /* Horse_Walk-1.png */ = {isa = PBXFileReference; lastKnownFileType = image.png; path = "Horse_Walk-1.png"; sourceTree = "<group>"; };
		66BD9B242CD1D61E003453CE /* Horse_Walk-1 2.png */ = {isa = PBXFileReference; lastKnownFileType = image.png; path = "Horse_Walk-1 2.png"; sourceTree = "<group>"; };
		66BD9B252CD1D61E003453CE /* Horse_Walk-2.png */ = {isa = PBXFileReference; lastKnownFileType = image.png; path = "Horse_Walk-2.png"; sourceTree = "<group>"; };
		66BD9B262CD1D61E003453CE /* Horse_Walk-2 2.png */ = {isa = PBXFileReference; lastKnownFileType = image.png; path = "Horse_Walk-2 2.png"; sourceTree = "<group>"; };
		66BD9B272CD1D61E003453CE /* Horse_Walk-3.png */ = {isa = PBXFileReference; lastKnownFileType = image.png; path = "Horse_Walk-3.png"; sourceTree = "<group>"; };
		66BD9B282CD1D61E003453CE /* Horse_Walk-3 2.png */ = {isa = PBXFileReference; lastKnownFileType = image.png; path = "Horse_Walk-3 2.png"; sourceTree = "<group>"; };
		66BD9B292CD1D61E003453CE /* Lip_Walk-1.png */ = {isa = PBXFileReference; lastKnownFileType = image.png; path = "Lip_Walk-1.png"; sourceTree = "<group>"; };
		66BD9B2A2CD1D61E003453CE /* Lip_Walk-2.png */ = {isa = PBXFileReference; lastKnownFileType = image.png; path = "Lip_Walk-2.png"; sourceTree = "<group>"; };
		66BD9B2B2CD1D61E003453CE /* Lip_Walk-3.png */ = {isa = PBXFileReference; lastKnownFileType = image.png; path = "Lip_Walk-3.png"; sourceTree = "<group>"; };
		66BD9B2C2CD1D61E003453CE /* Man_Walk-1.png */ = {isa = PBXFileReference; lastKnownFileType = image.png; path = "Man_Walk-1.png"; sourceTree = "<group>"; };
		66BD9B2D2CD1D61E003453CE /* Man_Walk-2.png */ = {isa = PBXFileReference; lastKnownFileType = image.png; path = "Man_Walk-2.png"; sourceTree = "<group>"; };
		66BD9B2E2CD1D61E003453CE /* Man_Walk-3.png */ = {isa = PBXFileReference; lastKnownFileType = image.png; path = "Man_Walk-3.png"; sourceTree = "<group>"; };
		66BD9B2F2CD1D61E003453CE /* Paint_Walk-1.png */ = {isa = PBXFileReference; lastKnownFileType = image.png; path = "Paint_Walk-1.png"; sourceTree = "<group>"; };
		66BD9B302CD1D61E003453CE /* Paint_Walk-2.png */ = {isa = PBXFileReference; lastKnownFileType = image.png; path = "Paint_Walk-2.png"; sourceTree = "<group>"; };
		66BD9B312CD1D61E003453CE /* Paint_Walk-3.png */ = {isa = PBXFileReference; lastKnownFileType = image.png; path = "Paint_Walk-3.png"; sourceTree = "<group>"; };
		66BD9B322CD1D61E003453CE /* Paint_Walk-4.png */ = {isa = PBXFileReference; lastKnownFileType = image.png; path = "Paint_Walk-4.png"; sourceTree = "<group>"; };
		66BD9B332CD1D61E003453CE /* Pant_Walk-1.png */ = {isa = PBXFileReference; lastKnownFileType = image.png; path = "Pant_Walk-1.png"; sourceTree = "<group>"; };
		66BD9B342CD1D61E003453CE /* Pant_Walk-2.png */ = {isa = PBXFileReference; lastKnownFileType = image.png; path = "Pant_Walk-2.png"; sourceTree = "<group>"; };
		66BD9B352CD1D61E003453CE /* Pant_Walk-3.png */ = {isa = PBXFileReference; lastKnownFileType = image.png; path = "Pant_Walk-3.png"; sourceTree = "<group>"; };
		66BD9B362CD1D61E003453CE /* Paper_Walk-1.png */ = {isa = PBXFileReference; lastKnownFileType = image.png; path = "Paper_Walk-1.png"; sourceTree = "<group>"; };
		66BD9B372CD1D61E003453CE /* Paper_Walk-2.png */ = {isa = PBXFileReference; lastKnownFileType = image.png; path = "Paper_Walk-2.png"; sourceTree = "<group>"; };
		66BD9B382CD1D61E003453CE /* Paper_Walk-3.png */ = {isa = PBXFileReference; lastKnownFileType = image.png; path = "Paper_Walk-3.png"; sourceTree = "<group>"; };
		66BD9B392CD1D61E003453CE /* Pea_Walk-1.png */ = {isa = PBXFileReference; lastKnownFileType = image.png; path = "Pea_Walk-1.png"; sourceTree = "<group>"; };
		66BD9B3A2CD1D61E003453CE /* Pea_Walk-2.png */ = {isa = PBXFileReference; lastKnownFileType = image.png; path = "Pea_Walk-2.png"; sourceTree = "<group>"; };
		66BD9B3B2CD1D61E003453CE /* Pea_Walk-3.png */ = {isa = PBXFileReference; lastKnownFileType = image.png; path = "Pea_Walk-3.png"; sourceTree = "<group>"; };
		66BD9B3C2CD1D61E003453CE /* Peanut_Walk-1.png */ = {isa = PBXFileReference; lastKnownFileType = image.png; path = "Peanut_Walk-1.png"; sourceTree = "<group>"; };
		66BD9B3D2CD1D61E003453CE /* Peanut_Walk-2.png */ = {isa = PBXFileReference; lastKnownFileType = image.png; path = "Peanut_Walk-2.png"; sourceTree = "<group>"; };
		66BD9B3E2CD1D61E003453CE /* Peanut_Walk-3.png */ = {isa = PBXFileReference; lastKnownFileType = image.png; path = "Peanut_Walk-3.png"; sourceTree = "<group>"; };
		66BD9B3F2CD1D61E003453CE /* Roll_Walk-1.png */ = {isa = PBXFileReference; lastKnownFileType = image.png; path = "Roll_Walk-1.png"; sourceTree = "<group>"; };
		66BD9B402CD1D61E003453CE /* Roll_Walk-2.png */ = {isa = PBXFileReference; lastKnownFileType = image.png; path = "Roll_Walk-2.png"; sourceTree = "<group>"; };
		66BD9B412CD1D61E003453CE /* Roll_Walk-3.png */ = {isa = PBXFileReference; lastKnownFileType = image.png; path = "Roll_Walk-3.png"; sourceTree = "<group>"; };
		66BD9B422CD1D61E003453CE /* Snake_Walk-1.png */ = {isa = PBXFileReference; lastKnownFileType = image.png; path = "Snake_Walk-1.png"; sourceTree = "<group>"; };
		66BD9B432CD1D61E003453CE /* Snake_Walk-2.png */ = {isa = PBXFileReference; lastKnownFileType = image.png; path = "Snake_Walk-2.png"; sourceTree = "<group>"; };
		66BD9B442CD1D61E003453CE /* Snake_Walk-3.png */ = {isa = PBXFileReference; lastKnownFileType = image.png; path = "Snake_Walk-3.png"; sourceTree = "<group>"; };
		66BD9B452CD1D61E003453CE /* Snake_Walk-4.png */ = {isa = PBXFileReference; lastKnownFileType = image.png; path = "Snake_Walk-4.png"; sourceTree = "<group>"; };
		66BD9B462CD1D61E003453CE /* Umbrella_Walk-1.png */ = {isa = PBXFileReference; lastKnownFileType = image.png; path = "Umbrella_Walk-1.png"; sourceTree = "<group>"; };
		66BD9B472CD1D61E003453CE /* Umbrella_Walk-2.png */ = {isa = PBXFileReference; lastKnownFileType = image.png; path = "Umbrella_Walk-2.png"; sourceTree = "<group>"; };
		66BD9B482CD1D61E003453CE /* Umbrella_Walk-3.png */ = {isa = PBXFileReference; lastKnownFileType = image.png; path = "Umbrella_Walk-3.png"; sourceTree = "<group>"; };
		66D468502A942ADE0073C731 /* ScreenSaver.framework */ = {isa = PBXFileReference; lastKnownFileType = wrapper.framework; name = ScreenSaver.framework; path = System/Library/Frameworks/ScreenSaver.framework; sourceTree = SDKROOT; };
		66FFD8C02CBAF90F00C03C74 /* characters.json */ = {isa = PBXFileReference; lastKnownFileType = text.json; path = characters.json; sourceTree = "<group>"; };
/* End PBXFileReference section */

/* Begin PBXFrameworksBuildPhase section */
		66ABE6C92A96D63B007D79DB /* Frameworks */ = {
			isa = PBXFrameworksBuildPhase;
			buildActionMask = 2147483647;
			files = (
				66ABE6F82A96D6E7007D79DB /* ScreenSaver.framework in Frameworks */,
			);
			runOnlyForDeploymentPostprocessing = 0;
		};
		66D4683A2A9427E30073C731 /* Frameworks */ = {
			isa = PBXFrameworksBuildPhase;
			buildActionMask = 2147483647;
			files = (
				664C730C2BC2FC69008AA699 /* ScreenSaver.framework in Frameworks */,
			);
			runOnlyForDeploymentPostprocessing = 0;
		};
/* End PBXFrameworksBuildPhase section */

/* Begin PBXGroup section */
		66419F7E2CD322B3007B393F /* Frameworks */ = {
			isa = PBXGroup;
			children = (
				66419F7F2CD322B3007B393F /* Metal.framework */,
			);
			name = Frameworks;
			sourceTree = "<group>";
		};
		66876EA52CD1CF47009B71E0 /* ScreensaverPreview */ = {
			isa = PBXGroup;
			children = (
				66ABE6D02A96D63B007D79DB /* ContentView.swift */,
				66ABE6D72A96D63F007D79DB /* ScreensaverPreview.entitlements */,
			);
			path = ScreensaverPreview;
			sourceTree = "<group>";
		};
		66C075EB2AA2C09300707A7D /* Resources */ = {
			isa = PBXGroup;
			children = (
				660C531B2BC2E23E00E0B910 /* thumbnail.png */,
				660C531A2BC2E23E00E0B910 /* thumbnail@2x.png */,
			);
			path = Resources;
			sourceTree = "<group>";
		};
		66C2FD382BC1F41D00B73D89 /* suerynnsaver */ = {
			isa = PBXGroup;
			children = (
				66FFD8C02CBAF90F00C03C74 /* characters.json */,
				66ABE6D22A96D63F007D79DB /* Assets.xcassets */,
				6683311E2A94466100442116 /* MainView.swift */,
			);
			path = suerynnsaver;
			sourceTree = "<group>";
		};
		66C2FD432BC1F50000B73D89 /* Drawings */ = {
			isa = PBXGroup;
			children = (
				66BD9AF22CD1D61E003453CE /* Apple_Walk-1.png */,
				66BD9AF32CD1D61E003453CE /* Apple_Walk-2.png */,
				66BD9AF42CD1D61E003453CE /* Apple_Walk-3.png */,
				66BD9AF52CD1D61E003453CE /* Balloon_Walk-1.png */,
				66BD9AF62CD1D61E003453CE /* Balloon_Walk-2.png */,
				66BD9AF72CD1D61E003453CE /* Balloon_Walk-3.png */,
				66BD9AF82CD1D61E003453CE /* Bat_Walk-1.png */,
				66BD9AF92CD1D61E003453CE /* Bat_Walk-2.png */,
				66BD9AFA2CD1D61E003453CE /* Bat_Walk-3.png */,
				66BD9AFB2CD1D61E003453CE /* Bat_Walk-4.png */,
				66BD9AFC2CD1D61E003453CE /* Bat_Walk-5.png */,
				66BD9AFD2CD1D61E003453CE /* Bat_Walk-6.png */,
				66BD9AFE2CD1D61E003453CE /* Bird_Walk-1.png */,
				66BD9AFF2CD1D61E003453CE /* Bird_Walk-2.png */,
				66BD9B002CD1D61E003453CE /* Bird_Walk-3.png */,
				66BD9B012CD1D61E003453CE /* Bird_Walk-4.png */,
				66BD9B022CD1D61E003453CE /* Bird_Walk-5.png */,
				66BD9B032CD1D61E003453CE /* Bird_Walk-6.png */,
				66BD9B042CD1D61E003453CE /* Bird_Walk-7.png */,
				66BD9B052CD1D61E003453CE /* Bloom_Walk-1.png */,
				66BD9B062CD1D61E003453CE /* Bloom_Walk-2.png */,
				66BD9B072CD1D61E003453CE /* Bloom_Walk-3.png */,
				66BD9B082CD1D61E003453CE /* Bloom_Walk-4.png */,
				66BD9B092CD1D61E003453CE /* Butterfly_Walk-1.png */,
				66BD9B0A2CD1D61E003453CE /* Butterfly_Walk-2.png */,
				66BD9B0B2CD1D61E003453CE /* Butterfly_Walk-3.png */,
				66BD9B0C2CD1D61E003453CE /* Butterfly_Walk-4.png */,
				66BD9B0D2CD1D61E003453CE /* Butterfly_Walk-5.png */,
				66BD9B0E2CD1D61E003453CE /* Butterfly_Walk-6.png */,
				66BD9B0F2CD1D61E003453CE /* Butterfly_Walk-7.png */,
				66BD9B102CD1D61E003453CE /* Butterfly_Walk-8.png */,
				66BD9B112CD1D61E003453CE /* Can_Walk-1.png */,
				66BD9B122CD1D61E003453CE /* Can_Walk-2.png */,
				66BD9B132CD1D61E003453CE /* Can_Walk-3.png */,
				66BD9B142CD1D61E003453CE /* Cry_Walk-1.png */,
				66BD9B152CD1D61E003453CE /* Cry_Walk-2.png */,
				66BD9B162CD1D61E003453CE /* Cry_Walk-3.png */,
				66BD9B172CD1D61E003453CE /* Elephant_Walk-1.png */,
				66BD9B182CD1D61E003453CE /* Elephant_Walk-2.png */,
				66BD9B192CD1D61E003453CE /* Elephant_Walk-3.png */,
				66BD9B1A2CD1D61E003453CE /* Goo_Walk-1.png */,
				66BD9B1B2CD1D61E003453CE /* Goo_Walk-2.png */,
				66BD9B1C2CD1D61E003453CE /* Goo_Walk-3.png */,
				66BD9B1D2CD1D61E003453CE /* Heart_Walk-1.png */,
				66BD9B1E2CD1D61E003453CE /* Heart_Walk-2.png */,
				66BD9B1F2CD1D61E003453CE /* Heart_Walk-3.png */,
				66BD9B202CD1D61E003453CE /* Heart_Walk-4.png */,
				66BD9B212CD1D61E003453CE /* Heart_Walk-5.png */,
				66BD9B222CD1D61E003453CE /* Heart_Walk-6.png */,
				66BD9B232CD1D61E003453CE /* Horse_Walk-1.png */,
				66BD9B242CD1D61E003453CE /* Horse_Walk-1 2.png */,
				66BD9B252CD1D61E003453CE /* Horse_Walk-2.png */,
				66BD9B262CD1D61E003453CE /* Horse_Walk-2 2.png */,
				66BD9B272CD1D61E003453CE /* Horse_Walk-3.png */,
				66BD9B282CD1D61E003453CE /* Horse_Walk-3 2.png */,
				66BD9B292CD1D61E003453CE /* Lip_Walk-1.png */,
				66BD9B2A2CD1D61E003453CE /* Lip_Walk-2.png */,
				66BD9B2B2CD1D61E003453CE /* Lip_Walk-3.png */,
				66BD9B2C2CD1D61E003453CE /* Man_Walk-1.png */,
				66BD9B2D2CD1D61E003453CE /* Man_Walk-2.png */,
				66BD9B2E2CD1D61E003453CE /* Man_Walk-3.png */,
				66BD9B2F2CD1D61E003453CE /* Paint_Walk-1.png */,
				66BD9B302CD1D61E003453CE /* Paint_Walk-2.png */,
				66BD9B312CD1D61E003453CE /* Paint_Walk-3.png */,
				66BD9B322CD1D61E003453CE /* Paint_Walk-4.png */,
				66BD9B332CD1D61E003453CE /* Pant_Walk-1.png */,
				66BD9B342CD1D61E003453CE /* Pant_Walk-2.png */,
				66BD9B352CD1D61E003453CE /* Pant_Walk-3.png */,
				66BD9B362CD1D61E003453CE /* Paper_Walk-1.png */,
				66BD9B372CD1D61E003453CE /* Paper_Walk-2.png */,
				66BD9B382CD1D61E003453CE /* Paper_Walk-3.png */,
				66BD9B392CD1D61E003453CE /* Pea_Walk-1.png */,
				66BD9B3A2CD1D61E003453CE /* Pea_Walk-2.png */,
				66BD9B3B2CD1D61E003453CE /* Pea_Walk-3.png */,
				66BD9B3C2CD1D61E003453CE /* Peanut_Walk-1.png */,
				66BD9B3D2CD1D61E003453CE /* Peanut_Walk-2.png */,
				66BD9B3E2CD1D61E003453CE /* Peanut_Walk-3.png */,
				66BD9B3F2CD1D61E003453CE /* Roll_Walk-1.png */,
				66BD9B402CD1D61E003453CE /* Roll_Walk-2.png */,
				66BD9B412CD1D61E003453CE /* Roll_Walk-3.png */,
				66BD9B422CD1D61E003453CE /* Snake_Walk-1.png */,
				66BD9B432CD1D61E003453CE /* Snake_Walk-2.png */,
				66BD9B442CD1D61E003453CE /* Snake_Walk-3.png */,
				66BD9B452CD1D61E003453CE /* Snake_Walk-4.png */,
				66BD9B462CD1D61E003453CE /* Umbrella_Walk-1.png */,
				66BD9B472CD1D61E003453CE /* Umbrella_Walk-2.png */,
				66BD9B482CD1D61E003453CE /* Umbrella_Walk-3.png */,
			);
			path = Drawings;
			sourceTree = "<group>";
		};
		66D468332A9427E30073C731 = {
			isa = PBXGroup;
			children = (
				66876EA52CD1CF47009B71E0 /* ScreensaverPreview */,
				66C2FD382BC1F41D00B73D89 /* suerynnsaver */,
				66C075EB2AA2C09300707A7D /* Resources */,
				66C2FD432BC1F50000B73D89 /* Drawings */,
				66D4684F2A942ADE0073C731 /* Libraries */,
				66302E992BC2E5F100A4523F /* suerynnsaver.saver */,
				66302E9A2BC2E5F100A4523F /* ScreensaverPreview.app */,
				66419F7E2CD322B3007B393F /* Frameworks */,
			);
			sourceTree = "<group>";
		};
		66D4684F2A942ADE0073C731 /* Libraries */ = {
			isa = PBXGroup;
			children = (
				66D468502A942ADE0073C731 /* ScreenSaver.framework */,
			);
			name = Libraries;
			sourceTree = "<group>";
		};
/* End PBXGroup section */

/* Begin PBXHeadersBuildPhase section */
		66D468382A9427E30073C731 /* Headers */ = {
			isa = PBXHeadersBuildPhase;
			buildActionMask = 2147483647;
			files = (
			);
			runOnlyForDeploymentPostprocessing = 0;
		};
/* End PBXHeadersBuildPhase section */

/* Begin PBXNativeTarget section */
		66ABE6CB2A96D63B007D79DB /* ScreensaverPreview */ = {
			isa = PBXNativeTarget;
			buildConfigurationList = 66ABE6F42A96D640007D79DB /* Build configuration list for PBXNativeTarget "ScreensaverPreview" */;
			buildPhases = (
				66ABE6C82A96D63B007D79DB /* Sources */,
				66ABE6C92A96D63B007D79DB /* Frameworks */,
				66ABE6CA2A96D63B007D79DB /* Resources */,
			);
			buildRules = (
			);
			dependencies = (
			);
			name = ScreensaverPreview;
			productName = ScreensaverPreview;
			productReference = 66302E9A2BC2E5F100A4523F /* ScreensaverPreview.app */;
			productType = "com.apple.product-type.application";
		};
		66D4683C2A9427E30073C731 /* suerynnsaver */ = {
			isa = PBXNativeTarget;
			buildConfigurationList = 66D468462A9427E30073C731 /* Build configuration list for PBXNativeTarget "suerynnsaver" */;
			buildPhases = (
				66D468382A9427E30073C731 /* Headers */,
				66D468392A9427E30073C731 /* Sources */,
				66D4683A2A9427E30073C731 /* Frameworks */,
				66D4683B2A9427E30073C731 /* Resources */,
			);
			buildRules = (
			);
			dependencies = (
			);
			name = suerynnsaver;
			productName = "flex-clock";
			productReference = 66302E992BC2E5F100A4523F /* suerynnsaver.saver */;
			productType = "com.apple.product-type.bundle";
		};
/* End PBXNativeTarget section */

/* Begin PBXProject section */
		66D468342A9427E30073C731 /* Project object */ = {
			isa = PBXProject;
			attributes = {
				BuildIndependentTargetsInParallel = 1;
				LastSwiftUpdateCheck = 1500;
				LastUpgradeCheck = 1600;
				TargetAttributes = {
					66ABE6CB2A96D63B007D79DB = {
						CreatedOnToolsVersion = 15.0;
					};
					66D4683C2A9427E30073C731 = {
						CreatedOnToolsVersion = 15.0;
						LastSwiftMigration = 1500;
					};
				};
			};
			buildConfigurationList = 66D468372A9427E30073C731 /* Build configuration list for PBXProject "suerynnsaver" */;
			compatibilityVersion = "Xcode 14.0";
			developmentRegion = en;
			hasScannedForEncodings = 0;
			knownRegions = (
				en,
				Base,
			);
			mainGroup = 66D468332A9427E30073C731;
			productRefGroup = 66D468332A9427E30073C731;
			projectDirPath = "";
			projectRoot = "";
			targets = (
				66D4683C2A9427E30073C731 /* suerynnsaver */,
				66ABE6CB2A96D63B007D79DB /* ScreensaverPreview */,
			);
		};
/* End PBXProject section */

/* Begin PBXResourcesBuildPhase section */
		66ABE6CA2A96D63B007D79DB /* Resources */ = {
			isa = PBXResourcesBuildPhase;
			buildActionMask = 2147483647;
			files = (
				660C531F2BC2E23E00E0B910 /* thumbnail.png in Resources */,
				66ABE6D32A96D63F007D79DB /* Assets.xcassets in Resources */,
				66FFD8C12CBAF91300C03C74 /* characters.json in Resources */,
				660C531D2BC2E23E00E0B910 /* thumbnail@2x.png in Resources */,
				66BD9B492CD1D61E003453CE /* Paint_Walk-1.png in Resources */,
				66BD9B4A2CD1D61E003453CE /* Bat_Walk-1.png in Resources */,
				66BD9B4B2CD1D61E003453CE /* Bird_Walk-6.png in Resources */,
				66BD9B4C2CD1D61E003453CE /* Lip_Walk-1.png in Resources */,
				66BD9B4D2CD1D61E003453CE /* Bird_Walk-4.png in Resources */,
				66BD9B4E2CD1D61E003453CE /* Man_Walk-2.png in Resources */,
				66BD9B4F2CD1D61E003453CE /* Snake_Walk-1.png in Resources */,
				66BD9B502CD1D61E003453CE /* Umbrella_Walk-3.png in Resources */,
				66BD9B512CD1D61E003453CE /* Butterfly_Walk-8.png in Resources */,
				66BD9B522CD1D61E003453CE /* Goo_Walk-3.png in Resources */,
				66BD9B532CD1D61E003453CE /* Butterfly_Walk-4.png in Resources */,
				66BD9B542CD1D61E003453CE /* Elephant_Walk-1.png in Resources */,
				66BD9B552CD1D61E003453CE /* Apple_Walk-2.png in Resources */,
				66BD9B562CD1D61E003453CE /* Goo_Walk-2.png in Resources */,
				66BD9B572CD1D61E003453CE /* Snake_Walk-2.png in Resources */,
				66BD9B582CD1D61E003453CE /* Horse_Walk-2.png in Resources */,
				66BD9B592CD1D61E003453CE /* Peanut_Walk-2.png in Resources */,
				66BD9B5A2CD1D61E003453CE /* Bloom_Walk-4.png in Resources */,
				66BD9B5B2CD1D61E003453CE /* Bird_Walk-5.png in Resources */,
				66BD9B5C2CD1D61E003453CE /* Can_Walk-1.png in Resources */,
				66BD9B5D2CD1D61E003453CE /* Cry_Walk-1.png in Resources */,
				66BD9B5E2CD1D61E003453CE /* Cry_Walk-3.png in Resources */,
				66BD9B5F2CD1D61E003453CE /* Goo_Walk-1.png in Resources */,
				66BD9B602CD1D61E003453CE /* Elephant_Walk-2.png in Resources */,
				66BD9B612CD1D61E003453CE /* Man_Walk-3.png in Resources */,
				66BD9B622CD1D61E003453CE /* Horse_Walk-3 2.png in Resources */,
				66BD9B632CD1D61E003453CE /* Paint_Walk-2.png in Resources */,
				66BD9B642CD1D61E003453CE /* Paint_Walk-3.png in Resources */,
				66BD9B652CD1D61E003453CE /* Umbrella_Walk-1.png in Resources */,
				66BD9B662CD1D61E003453CE /* Butterfly_Walk-1.png in Resources */,
				66BD9B672CD1D61E003453CE /* Man_Walk-1.png in Resources */,
				66BD9B682CD1D61E003453CE /* Horse_Walk-1 2.png in Resources */,
				66BD9B692CD1D61E003453CE /* Pant_Walk-1.png in Resources */,
				66BD9B6A2CD1D61E003453CE /* Pea_Walk-3.png in Resources */,
				66BD9B6B2CD1D61E003453CE /* Bird_Walk-2.png in Resources */,
				66BD9B6C2CD1D61E003453CE /* Snake_Walk-4.png in Resources */,
				66BD9B6D2CD1D61E003453CE /* Heart_Walk-2.png in Resources */,
				66BD9B6E2CD1D61E003453CE /* Butterfly_Walk-3.png in Resources */,
				66BD9B6F2CD1D61E003453CE /* Heart_Walk-1.png in Resources */,
				66BD9B702CD1D61E003453CE /* Lip_Walk-2.png in Resources */,
				66BD9B712CD1D61E003453CE /* Can_Walk-3.png in Resources */,
				66BD9B722CD1D61E003453CE /* Peanut_Walk-3.png in Resources */,
				66BD9B732CD1D61E003453CE /* Bat_Walk-3.png in Resources */,
				66BD9B742CD1D61E003453CE /* Bat_Walk-4.png in Resources */,
				66BD9B752CD1D61E003453CE /* Umbrella_Walk-2.png in Resources */,
				66BD9B762CD1D61E003453CE /* Horse_Walk-1.png in Resources */,
				66BD9B772CD1D61E003453CE /* Heart_Walk-4.png in Resources */,
				66BD9B782CD1D61E003453CE /* Paint_Walk-4.png in Resources */,
				66BD9B792CD1D61E003453CE /* Bird_Walk-3.png in Resources */,
				66BD9B7A2CD1D61E003453CE /* Horse_Walk-2 2.png in Resources */,
				66BD9B7B2CD1D61E003453CE /* Bloom_Walk-1.png in Resources */,
				66BD9B7C2CD1D61E003453CE /* Bird_Walk-1.png in Resources */,
				66BD9B7D2CD1D61E003453CE /* Horse_Walk-3.png in Resources */,
				66BD9B7E2CD1D61E003453CE /* Butterfly_Walk-7.png in Resources */,
				66BD9B7F2CD1D61E003453CE /* Heart_Walk-3.png in Resources */,
				66BD9B802CD1D61E003453CE /* Balloon_Walk-1.png in Resources */,
				66BD9B812CD1D61E003453CE /* Apple_Walk-1.png in Resources */,
				66BD9B822CD1D61E003453CE /* Can_Walk-2.png in Resources */,
				66BD9B832CD1D61E003453CE /* Bird_Walk-7.png in Resources */,
				66BD9B842CD1D61E003453CE /* Heart_Walk-6.png in Resources */,
				66BD9B852CD1D61E003453CE /* Butterfly_Walk-2.png in Resources */,
				66BD9B862CD1D61E003453CE /* Cry_Walk-2.png in Resources */,
				66BD9B872CD1D61E003453CE /* Butterfly_Walk-6.png in Resources */,
				66BD9B882CD1D61E003453CE /* Roll_Walk-1.png in Resources */,
				66BD9B892CD1D61E003453CE /* Bloom_Walk-2.png in Resources */,
				66BD9B8A2CD1D61E003453CE /* Bat_Walk-2.png in Resources */,
				66BD9B8B2CD1D61E003453CE /* Pant_Walk-3.png in Resources */,
				66BD9B8C2CD1D61E003453CE /* Elephant_Walk-3.png in Resources */,
				66BD9B8D2CD1D61E003453CE /* Paper_Walk-1.png in Resources */,
				66BD9B8E2CD1D61E003453CE /* Bat_Walk-6.png in Resources */,
				66BD9B8F2CD1D61E003453CE /* Butterfly_Walk-5.png in Resources */,
				66BD9B902CD1D61E003453CE /* Paper_Walk-2.png in Resources */,
				66BD9B912CD1D61E003453CE /* Paper_Walk-3.png in Resources */,
				66BD9B922CD1D61E003453CE /* Bloom_Walk-3.png in Resources */,
				66BD9B932CD1D61E003453CE /* Heart_Walk-5.png in Resources */,
				66BD9B942CD1D61E003453CE /* Balloon_Walk-3.png in Resources */,
				66BD9B952CD1D61E003453CE /* Pant_Walk-2.png in Resources */,
				66BD9B962CD1D61E003453CE /* Pea_Walk-2.png in Resources */,
				66BD9B972CD1D61E003453CE /* Roll_Walk-2.png in Resources */,
				66BD9B982CD1D61E003453CE /* Bat_Walk-5.png in Resources */,
				66BD9B992CD1D61E003453CE /* Snake_Walk-3.png in Resources */,
				66BD9B9A2CD1D61E003453CE /* Pea_Walk-1.png in Resources */,
				66BD9B9B2CD1D61E003453CE /* Balloon_Walk-2.png in Resources */,
				66BD9B9C2CD1D61E003453CE /* Peanut_Walk-1.png in Resources */,
				66BD9B9D2CD1D61E003453CE /* Apple_Walk-3.png in Resources */,
				66BD9B9E2CD1D61E003453CE /* Lip_Walk-3.png in Resources */,
				66BD9B9F2CD1D61E003453CE /* Roll_Walk-3.png in Resources */,
			);
			runOnlyForDeploymentPostprocessing = 0;
		};
		66D4683B2A9427E30073C731 /* Resources */ = {
			isa = PBXResourcesBuildPhase;
			buildActionMask = 2147483647;
			files = (
				66BD9BA02CD1D61E003453CE /* Paint_Walk-1.png in Resources */,
				66BD9BA12CD1D61E003453CE /* Bat_Walk-1.png in Resources */,
				66BD9BA22CD1D61E003453CE /* Bird_Walk-6.png in Resources */,
				66BD9BA32CD1D61E003453CE /* Lip_Walk-1.png in Resources */,
				66BD9BA42CD1D61E003453CE /* Bird_Walk-4.png in Resources */,
				66BD9BA52CD1D61E003453CE /* Man_Walk-2.png in Resources */,
				66BD9BA62CD1D61E003453CE /* Snake_Walk-1.png in Resources */,
				66BD9BA72CD1D61E003453CE /* Umbrella_Walk-3.png in Resources */,
				66BD9BA82CD1D61E003453CE /* Butterfly_Walk-8.png in Resources */,
				66BD9BA92CD1D61E003453CE /* Goo_Walk-3.png in Resources */,
				66BD9BAA2CD1D61E003453CE /* Butterfly_Walk-4.png in Resources */,
				66BD9BAB2CD1D61E003453CE /* Elephant_Walk-1.png in Resources */,
				66BD9BAC2CD1D61E003453CE /* Apple_Walk-2.png in Resources */,
				66BD9BAD2CD1D61E003453CE /* Goo_Walk-2.png in Resources */,
				66BD9BAE2CD1D61E003453CE /* Snake_Walk-2.png in Resources */,
				66BD9BAF2CD1D61E003453CE /* Horse_Walk-2.png in Resources */,
				66BD9BB02CD1D61E003453CE /* Peanut_Walk-2.png in Resources */,
				66BD9BB12CD1D61E003453CE /* Bloom_Walk-4.png in Resources */,
				66BD9BB22CD1D61E003453CE /* Bird_Walk-5.png in Resources */,
				66BD9BB32CD1D61E003453CE /* Can_Walk-1.png in Resources */,
				66BD9BB42CD1D61E003453CE /* Cry_Walk-1.png in Resources */,
				66BD9BB52CD1D61E003453CE /* Cry_Walk-3.png in Resources */,
				66BD9BB62CD1D61E003453CE /* Goo_Walk-1.png in Resources */,
				66BD9BB72CD1D61E003453CE /* Elephant_Walk-2.png in Resources */,
				66BD9BB82CD1D61E003453CE /* Man_Walk-3.png in Resources */,
				66BD9BB92CD1D61E003453CE /* Horse_Walk-3 2.png in Resources */,
				66BD9BBA2CD1D61E003453CE /* Paint_Walk-2.png in Resources */,
				66BD9BBB2CD1D61E003453CE /* Paint_Walk-3.png in Resources */,
				66BD9BBC2CD1D61E003453CE /* Umbrella_Walk-1.png in Resources */,
				66BD9BBD2CD1D61E003453CE /* Butterfly_Walk-1.png in Resources */,
				66BD9BBE2CD1D61E003453CE /* Man_Walk-1.png in Resources */,
				66BD9BBF2CD1D61E003453CE /* Horse_Walk-1 2.png in Resources */,
				66BD9BC02CD1D61E003453CE /* Pant_Walk-1.png in Resources */,
				66BD9BC12CD1D61E003453CE /* Pea_Walk-3.png in Resources */,
				66BD9BC22CD1D61E003453CE /* Bird_Walk-2.png in Resources */,
				66BD9BC32CD1D61E003453CE /* Snake_Walk-4.png in Resources */,
				66BD9BC42CD1D61E003453CE /* Heart_Walk-2.png in Resources */,
				66BD9BC52CD1D61E003453CE /* Butterfly_Walk-3.png in Resources */,
				66BD9BC62CD1D61E003453CE /* Heart_Walk-1.png in Resources */,
				66BD9BC72CD1D61E003453CE /* Lip_Walk-2.png in Resources */,
				66BD9BC82CD1D61E003453CE /* Can_Walk-3.png in Resources */,
				66BD9BC92CD1D61E003453CE /* Peanut_Walk-3.png in Resources */,
				66BD9BCA2CD1D61E003453CE /* Bat_Walk-3.png in Resources */,
				66BD9BCB2CD1D61E003453CE /* Bat_Walk-4.png in Resources */,
				66BD9BCC2CD1D61E003453CE /* Umbrella_Walk-2.png in Resources */,
				66BD9BCD2CD1D61E003453CE /* Horse_Walk-1.png in Resources */,
				66BD9BCE2CD1D61E003453CE /* Heart_Walk-4.png in Resources */,
				66BD9BCF2CD1D61E003453CE /* Paint_Walk-4.png in Resources */,
				66BD9BD02CD1D61E003453CE /* Bird_Walk-3.png in Resources */,
				66BD9BD12CD1D61E003453CE /* Horse_Walk-2 2.png in Resources */,
				66BD9BD22CD1D61E003453CE /* Bloom_Walk-1.png in Resources */,
				66BD9BD32CD1D61E003453CE /* Bird_Walk-1.png in Resources */,
				66BD9BD42CD1D61E003453CE /* Horse_Walk-3.png in Resources */,
				66BD9BD52CD1D61E003453CE /* Butterfly_Walk-7.png in Resources */,
				66BD9BD62CD1D61E003453CE /* Heart_Walk-3.png in Resources */,
				66BD9BD72CD1D61E003453CE /* Balloon_Walk-1.png in Resources */,
				66BD9BD82CD1D61E003453CE /* Apple_Walk-1.png in Resources */,
				66BD9BD92CD1D61E003453CE /* Can_Walk-2.png in Resources */,
				66BD9BDA2CD1D61E003453CE /* Bird_Walk-7.png in Resources */,
				66BD9BDB2CD1D61E003453CE /* Heart_Walk-6.png in Resources */,
				66BD9BDC2CD1D61E003453CE /* Butterfly_Walk-2.png in Resources */,
				66BD9BDD2CD1D61E003453CE /* Cry_Walk-2.png in Resources */,
				66BD9BDE2CD1D61E003453CE /* Butterfly_Walk-6.png in Resources */,
				66BD9BDF2CD1D61E003453CE /* Roll_Walk-1.png in Resources */,
				66BD9BE02CD1D61E003453CE /* Bloom_Walk-2.png in Resources */,
				66BD9BE12CD1D61E003453CE /* Bat_Walk-2.png in Resources */,
				66BD9BE22CD1D61E003453CE /* Pant_Walk-3.png in Resources */,
				66BD9BE32CD1D61E003453CE /* Elephant_Walk-3.png in Resources */,
				66BD9BE42CD1D61E003453CE /* Paper_Walk-1.png in Resources */,
				66BD9BE52CD1D61E003453CE /* Bat_Walk-6.png in Resources */,
				66BD9BE62CD1D61E003453CE /* Butterfly_Walk-5.png in Resources */,
				66BD9BE72CD1D61E003453CE /* Paper_Walk-2.png in Resources */,
				66BD9BE82CD1D61E003453CE /* Paper_Walk-3.png in Resources */,
				66BD9BE92CD1D61E003453CE /* Bloom_Walk-3.png in Resources */,
				66BD9BEA2CD1D61E003453CE /* Heart_Walk-5.png in Resources */,
				66BD9BEB2CD1D61E003453CE /* Balloon_Walk-3.png in Resources */,
				66BD9BEC2CD1D61E003453CE /* Pant_Walk-2.png in Resources */,
				66BD9BED2CD1D61E003453CE /* Pea_Walk-2.png in Resources */,
				66BD9BEE2CD1D61E003453CE /* Roll_Walk-2.png in Resources */,
				66BD9BEF2CD1D61E003453CE /* Bat_Walk-5.png in Resources */,
				66BD9BF02CD1D61E003453CE /* Snake_Walk-3.png in Resources */,
				66BD9BF12CD1D61E003453CE /* Pea_Walk-1.png in Resources */,
				66BD9BF22CD1D61E003453CE /* Balloon_Walk-2.png in Resources */,
				66BD9BF32CD1D61E003453CE /* Peanut_Walk-1.png in Resources */,
				66BD9BF42CD1D61E003453CE /* Apple_Walk-3.png in Resources */,
				66BD9BF52CD1D61E003453CE /* Lip_Walk-3.png in Resources */,
				66BD9BF62CD1D61E003453CE /* Roll_Walk-3.png in Resources */,
				66FFD8C22CBAF91300C03C74 /* characters.json in Resources */,
				660C531C2BC2E23E00E0B910 /* thumbnail@2x.png in Resources */,
				660C531E2BC2E23E00E0B910 /* thumbnail.png in Resources */,
			);
			runOnlyForDeploymentPostprocessing = 0;
		};
/* End PBXResourcesBuildPhase section */

/* Begin PBXSourcesBuildPhase section */
		66ABE6C82A96D63B007D79DB /* Sources */ = {
			isa = PBXSourcesBuildPhase;
			buildActionMask = 2147483647;
			files = (
				66ABE6F92A96D802007D79DB /* MainView.swift in Sources */,
				664C730B2BC2FC2D008AA699 /* ContentView.swift in Sources */,
			);
			runOnlyForDeploymentPostprocessing = 0;
		};
		66D468392A9427E30073C731 /* Sources */ = {
			isa = PBXSourcesBuildPhase;
			buildActionMask = 2147483647;
			files = (
				664403532BC0CAB60095A0EB /* MainView.swift in Sources */,
			);
			runOnlyForDeploymentPostprocessing = 0;
		};
/* End PBXSourcesBuildPhase section */

/* Begin XCBuildConfiguration section */
		66ABE6EE2A96D640007D79DB /* Debug */ = {
			isa = XCBuildConfiguration;
			buildSettings = {
				ASSETCATALOG_COMPILER_APPICON_NAME = AppIcon;
				ASSETCATALOG_COMPILER_GLOBAL_ACCENT_COLOR_NAME = AccentColor;
				CODE_SIGN_ENTITLEMENTS = ScreensaverPreview/ScreensaverPreview.entitlements;
				"CODE_SIGN_IDENTITY[sdk=macosx*]" = "-";
				CODE_SIGN_STYLE = Automatic;
				COMBINE_HIDPI_IMAGES = YES;
				CURRENT_PROJECT_VERSION = 1;
				DEAD_CODE_STRIPPING = YES;
				DEVELOPMENT_ASSET_PATHS = "";
				DEVELOPMENT_TEAM = 83YKH78UXW;
				ENABLE_HARDENED_RUNTIME = YES;
				ENABLE_PREVIEWS = YES;
				GENERATE_INFOPLIST_FILE = YES;
				INFOPLIST_KEY_CFBundleDisplayName = suerynnsaver;
				INFOPLIST_KEY_NSHumanReadableCopyright = "";
				LD_RUNPATH_SEARCH_PATHS = (
					"$(inherited)",
					"@executable_path/../Frameworks",
				);
				MACOSX_DEPLOYMENT_TARGET = 12.0;
				MARKETING_VERSION = 1.0;
				PRODUCT_BUNDLE_IDENTIFIER = aoreilly.suerynnsaver;
				PRODUCT_NAME = "$(TARGET_NAME)";
				SWIFT_ACTIVE_COMPILATION_CONDITIONS = "DEBUG $(inherited)";
				SWIFT_EMIT_LOC_STRINGS = YES;
				SWIFT_OPTIMIZATION_LEVEL = "-Onone";
				SWIFT_VERSION = 5.0;
			};
			name = Debug;
		};
		66ABE6EF2A96D640007D79DB /* Release */ = {
			isa = XCBuildConfiguration;
			buildSettings = {
				ASSETCATALOG_COMPILER_APPICON_NAME = AppIcon;
				ASSETCATALOG_COMPILER_GLOBAL_ACCENT_COLOR_NAME = AccentColor;
				CODE_SIGN_ENTITLEMENTS = ScreensaverPreview/ScreensaverPreview.entitlements;
				"CODE_SIGN_IDENTITY[sdk=macosx*]" = "-";
				CODE_SIGN_STYLE = Automatic;
				COMBINE_HIDPI_IMAGES = YES;
				CURRENT_PROJECT_VERSION = 1;
				DEAD_CODE_STRIPPING = YES;
				DEVELOPMENT_ASSET_PATHS = "";
				DEVELOPMENT_TEAM = 83YKH78UXW;
				ENABLE_HARDENED_RUNTIME = YES;
				ENABLE_PREVIEWS = YES;
				GENERATE_INFOPLIST_FILE = YES;
				INFOPLIST_KEY_CFBundleDisplayName = suerynnsaver;
				INFOPLIST_KEY_NSHumanReadableCopyright = "";
				LD_RUNPATH_SEARCH_PATHS = (
					"$(inherited)",
					"@executable_path/../Frameworks",
				);
				MACOSX_DEPLOYMENT_TARGET = 12.0;
				MARKETING_VERSION = 1.0;
				PRODUCT_BUNDLE_IDENTIFIER = aoreilly.suerynnsaver;
				PRODUCT_NAME = "$(TARGET_NAME)";
				SWIFT_COMPILATION_MODE = wholemodule;
				SWIFT_EMIT_LOC_STRINGS = YES;
				SWIFT_VERSION = 5.0;
			};
			name = Release;
		};
		66D468442A9427E30073C731 /* Debug */ = {
			isa = XCBuildConfiguration;
			buildSettings = {
				ALWAYS_SEARCH_USER_PATHS = NO;
				ASSETCATALOG_COMPILER_GENERATE_SWIFT_ASSET_SYMBOL_EXTENSIONS = YES;
				CLANG_ANALYZER_NONNULL = YES;
				CLANG_ANALYZER_NUMBER_OBJECT_CONVERSION = YES_AGGRESSIVE;
				CLANG_CXX_LANGUAGE_STANDARD = "gnu++20";
				CLANG_ENABLE_MODULES = YES;
				CLANG_ENABLE_OBJC_ARC = YES;
				CLANG_ENABLE_OBJC_WEAK = YES;
				CLANG_WARN_BLOCK_CAPTURE_AUTORELEASING = YES;
				CLANG_WARN_BOOL_CONVERSION = YES;
				CLANG_WARN_COMMA = YES;
				CLANG_WARN_CONSTANT_CONVERSION = YES;
				CLANG_WARN_DEPRECATED_OBJC_IMPLEMENTATIONS = YES;
				CLANG_WARN_DIRECT_OBJC_ISA_USAGE = YES_ERROR;
				CLANG_WARN_DOCUMENTATION_COMMENTS = YES;
				CLANG_WARN_EMPTY_BODY = YES;
				CLANG_WARN_ENUM_CONVERSION = YES;
				CLANG_WARN_INFINITE_RECURSION = YES;
				CLANG_WARN_INT_CONVERSION = YES;
				CLANG_WARN_NON_LITERAL_NULL_CONVERSION = YES;
				CLANG_WARN_OBJC_IMPLICIT_RETAIN_SELF = YES;
				CLANG_WARN_OBJC_LITERAL_CONVERSION = YES;
				CLANG_WARN_OBJC_ROOT_CLASS = YES_ERROR;
				CLANG_WARN_QUOTED_INCLUDE_IN_FRAMEWORK_HEADER = YES;
				CLANG_WARN_RANGE_LOOP_ANALYSIS = YES;
				CLANG_WARN_STRICT_PROTOTYPES = YES;
				CLANG_WARN_SUSPICIOUS_MOVE = YES;
				CLANG_WARN_UNGUARDED_AVAILABILITY = YES_AGGRESSIVE;
				CLANG_WARN_UNREACHABLE_CODE = YES;
				CLANG_WARN__DUPLICATE_METHOD_MATCH = YES;
				COPY_PHASE_STRIP = NO;
				DEAD_CODE_STRIPPING = YES;
				DEBUG_INFORMATION_FORMAT = dwarf;
				ENABLE_STRICT_OBJC_MSGSEND = YES;
				ENABLE_TESTABILITY = YES;
				ENABLE_USER_SCRIPT_SANDBOXING = YES;
				GCC_C_LANGUAGE_STANDARD = gnu17;
				GCC_DYNAMIC_NO_PIC = NO;
				GCC_NO_COMMON_BLOCKS = YES;
				GCC_OPTIMIZATION_LEVEL = 0;
				GCC_PREPROCESSOR_DEFINITIONS = (
					"DEBUG=1",
					"$(inherited)",
				);
				GCC_WARN_64_TO_32_BIT_CONVERSION = YES;
				GCC_WARN_ABOUT_RETURN_TYPE = YES_ERROR;
				GCC_WARN_UNDECLARED_SELECTOR = YES;
				GCC_WARN_UNINITIALIZED_AUTOS = YES_AGGRESSIVE;
				GCC_WARN_UNUSED_FUNCTION = YES;
				GCC_WARN_UNUSED_VARIABLE = YES;
				LOCALIZATION_PREFERS_STRING_CATALOGS = YES;
				MACOSX_DEPLOYMENT_TARGET = 12.0;
				MTL_ENABLE_DEBUG_INFO = INCLUDE_SOURCE;
				MTL_FAST_MATH = YES;
				ONLY_ACTIVE_ARCH = YES;
				SDKROOT = macosx;
			};
			name = Debug;
		};
		66D468452A9427E30073C731 /* Release */ = {
			isa = XCBuildConfiguration;
			buildSettings = {
				ALWAYS_SEARCH_USER_PATHS = NO;
				ASSETCATALOG_COMPILER_GENERATE_SWIFT_ASSET_SYMBOL_EXTENSIONS = YES;
				CLANG_ANALYZER_NONNULL = YES;
				CLANG_ANALYZER_NUMBER_OBJECT_CONVERSION = YES_AGGRESSIVE;
				CLANG_CXX_LANGUAGE_STANDARD = "gnu++20";
				CLANG_ENABLE_MODULES = YES;
				CLANG_ENABLE_OBJC_ARC = YES;
				CLANG_ENABLE_OBJC_WEAK = YES;
				CLANG_WARN_BLOCK_CAPTURE_AUTORELEASING = YES;
				CLANG_WARN_BOOL_CONVERSION = YES;
				CLANG_WARN_COMMA = YES;
				CLANG_WARN_CONSTANT_CONVERSION = YES;
				CLANG_WARN_DEPRECATED_OBJC_IMPLEMENTATIONS = YES;
				CLANG_WARN_DIRECT_OBJC_ISA_USAGE = YES_ERROR;
				CLANG_WARN_DOCUMENTATION_COMMENTS = YES;
				CLANG_WARN_EMPTY_BODY = YES;
				CLANG_WARN_ENUM_CONVERSION = YES;
				CLANG_WARN_INFINITE_RECURSION = YES;
				CLANG_WARN_INT_CONVERSION = YES;
				CLANG_WARN_NON_LITERAL_NULL_CONVERSION = YES;
				CLANG_WARN_OBJC_IMPLICIT_RETAIN_SELF = YES;
				CLANG_WARN_OBJC_LITERAL_CONVERSION = YES;
				CLANG_WARN_OBJC_ROOT_CLASS = YES_ERROR;
				CLANG_WARN_QUOTED_INCLUDE_IN_FRAMEWORK_HEADER = YES;
				CLANG_WARN_RANGE_LOOP_ANALYSIS = YES;
				CLANG_WARN_STRICT_PROTOTYPES = YES;
				CLANG_WARN_SUSPICIOUS_MOVE = YES;
				CLANG_WARN_UNGUARDED_AVAILABILITY = YES_AGGRESSIVE;
				CLANG_WARN_UNREACHABLE_CODE = YES;
				CLANG_WARN__DUPLICATE_METHOD_MATCH = YES;
				COPY_PHASE_STRIP = NO;
				DEAD_CODE_STRIPPING = YES;
				DEBUG_INFORMATION_FORMAT = "dwarf-with-dsym";
				ENABLE_NS_ASSERTIONS = NO;
				ENABLE_STRICT_OBJC_MSGSEND = YES;
				ENABLE_USER_SCRIPT_SANDBOXING = YES;
				GCC_C_LANGUAGE_STANDARD = gnu17;
				GCC_NO_COMMON_BLOCKS = YES;
				GCC_WARN_64_TO_32_BIT_CONVERSION = YES;
				GCC_WARN_ABOUT_RETURN_TYPE = YES_ERROR;
				GCC_WARN_UNDECLARED_SELECTOR = YES;
				GCC_WARN_UNINITIALIZED_AUTOS = YES_AGGRESSIVE;
				GCC_WARN_UNUSED_FUNCTION = YES;
				GCC_WARN_UNUSED_VARIABLE = YES;
				LOCALIZATION_PREFERS_STRING_CATALOGS = YES;
				MACOSX_DEPLOYMENT_TARGET = 12.0;
				MTL_ENABLE_DEBUG_INFO = NO;
				MTL_FAST_MATH = YES;
				SDKROOT = macosx;
				SWIFT_COMPILATION_MODE = wholemodule;
			};
			name = Release;
		};
		66D468472A9427E30073C731 /* Debug */ = {
			isa = XCBuildConfiguration;
			buildSettings = {
				CLANG_ENABLE_MODULES = YES;
				CODE_SIGN_IDENTITY = "Apple Development";
				"CODE_SIGN_IDENTITY[sdk=*]" = "Apple Development";
				"CODE_SIGN_IDENTITY[sdk=macosx*]" = "-";
				CODE_SIGN_STYLE = Automatic;
				"CODE_SIGN_STYLE[sdk=*]" = Automatic;
				COMBINE_HIDPI_IMAGES = YES;
				CURRENT_PROJECT_VERSION = 1;
				DEAD_CODE_STRIPPING = YES;
				DEVELOPMENT_TEAM = 83YKH78UXW;
				"DEVELOPMENT_TEAM[sdk=*]" = 83YKH78UXW;
				GENERATE_INFOPLIST_FILE = YES;
				INFOPLIST_KEY_CFBundleDisplayName = suerynnsaver;
				INFOPLIST_KEY_NSHumanReadableCopyright = "Copyright © 2024 Suerynn Lee. All rights reserved.";
				INFOPLIST_KEY_NSPrincipalClass = MainView;
				INSTALL_PATH = "/Users/adam/Documents/GitHub/flex-clock/";
				MACOSX_DEPLOYMENT_TARGET = 12.0;
				MARKETING_VERSION = 1.0;
				PRODUCT_BUNDLE_IDENTIFIER = aoreilly.suerynnsaver;
				PRODUCT_NAME = "$(TARGET_NAME)";
				PROVISIONING_PROFILE_SPECIFIER = "";
				"PROVISIONING_PROFILE_SPECIFIER[sdk=*]" = "";
				SWIFT_EMIT_LOC_STRINGS = YES;
				SWIFT_OPTIMIZATION_LEVEL = "-Onone";
				SWIFT_VERSION = 5.0;
				WRAPPER_EXTENSION = saver;
			};
			name = Debug;
		};
		66D468482A9427E30073C731 /* Release */ = {
			isa = XCBuildConfiguration;
			buildSettings = {
				CLANG_ENABLE_MODULES = YES;
				CODE_SIGN_IDENTITY = "Apple Development";
				"CODE_SIGN_IDENTITY[sdk=*]" = "Apple Development";
				"CODE_SIGN_IDENTITY[sdk=macosx*]" = "-";
				CODE_SIGN_STYLE = Automatic;
				"CODE_SIGN_STYLE[sdk=*]" = Automatic;
				COMBINE_HIDPI_IMAGES = YES;
				CURRENT_PROJECT_VERSION = 1;
				DEAD_CODE_STRIPPING = YES;
				DEVELOPMENT_TEAM = 83YKH78UXW;
				"DEVELOPMENT_TEAM[sdk=*]" = 83YKH78UXW;
				GENERATE_INFOPLIST_FILE = YES;
				INFOPLIST_KEY_CFBundleDisplayName = suerynnsaver;
				INFOPLIST_KEY_NSHumanReadableCopyright = "Copyright © 2024 Suerynn Lee. All rights reserved.";
				INFOPLIST_KEY_NSPrincipalClass = MainView;
				INSTALL_PATH = "/Users/adam/Documents/GitHub/flex-clock/";
				MACOSX_DEPLOYMENT_TARGET = 12.0;
				MARKETING_VERSION = 1.0;
				PRODUCT_BUNDLE_IDENTIFIER = aoreilly.suerynnsaver;
				PRODUCT_NAME = "$(TARGET_NAME)";
				PROVISIONING_PROFILE_SPECIFIER = "";
				"PROVISIONING_PROFILE_SPECIFIER[sdk=*]" = "";
				SWIFT_EMIT_LOC_STRINGS = YES;
				SWIFT_VERSION = 5.0;
				WRAPPER_EXTENSION = saver;
			};
			name = Release;
		};
/* End XCBuildConfiguration section */

/* Begin XCConfigurationList section */
		66ABE6F42A96D640007D79DB /* Build configuration list for PBXNativeTarget "ScreensaverPreview" */ = {
			isa = XCConfigurationList;
			buildConfigurations = (
				66ABE6EE2A96D640007D79DB /* Debug */,
				66ABE6EF2A96D640007D79DB /* Release */,
			);
			defaultConfigurationIsVisible = 0;
			defaultConfigurationName = Release;
		};
		66D468372A9427E30073C731 /* Build configuration list for PBXProject "suerynnsaver" */ = {
			isa = XCConfigurationList;
			buildConfigurations = (
				66D468442A9427E30073C731 /* Debug */,
				66D468452A9427E30073C731 /* Release */,
			);
			defaultConfigurationIsVisible = 0;
			defaultConfigurationName = Release;
		};
		66D468462A9427E30073C731 /* Build configuration list for PBXNativeTarget "suerynnsaver" */ = {
			isa = XCConfigurationList;
			buildConfigurations = (
				66D468472A9427E30073C731 /* Debug */,
				66D468482A9427E30073C731 /* Release */,
			);
			defaultConfigurationIsVisible = 0;
			defaultConfigurationName = Release;
		};
/* End XCConfigurationList section */
	};
	rootObject = 66D468342A9427E30073C731 /* Project object */;
}
